// !$*UTF8*$!
{
	archiveVersion = 1;
	classes = {
	};
	objectVersion = 48;
	objects = {

/* Begin PBXBuildFile section */
		FF57CD2A1FEB86DD008B5D04 /* AppDelegate.swift in Sources */ = {isa = PBXBuildFile; fileRef = FF57CD291FEB86DD008B5D04 /* AppDelegate.swift */; };
		FF57CD2F1FEB86DD008B5D04 /* Main.storyboard in Resources */ = {isa = PBXBuildFile; fileRef = FF57CD2D1FEB86DD008B5D04 /* Main.storyboard */; };
		FF57CD311FEB86DD008B5D04 /* Assets.xcassets in Resources */ = {isa = PBXBuildFile; fileRef = FF57CD301FEB86DD008B5D04 /* Assets.xcassets */; };
		FF57CD341FEB86DD008B5D04 /* LaunchScreen.storyboard in Resources */ = {isa = PBXBuildFile; fileRef = FF57CD321FEB86DD008B5D04 /* LaunchScreen.storyboard */; };
		FF57CD3F1FEB86DD008B5D04 /* AccountsTests.swift in Sources */ = {isa = PBXBuildFile; fileRef = FF57CD3E1FEB86DD008B5D04 /* AccountsTests.swift */; };
		FF57CD441FEB86DD008B5D04 /* Accounts WatchKit App.app in Embed Watch Content */ = {isa = PBXBuildFile; fileRef = FF57CD431FEB86DD008B5D04 /* Accounts WatchKit App.app */; };
		FF57CD4A1FEB86DD008B5D04 /* Interface.storyboard in Resources */ = {isa = PBXBuildFile; fileRef = FF57CD481FEB86DD008B5D04 /* Interface.storyboard */; };
		FF57CD4C1FEB86DD008B5D04 /* Assets.xcassets in Resources */ = {isa = PBXBuildFile; fileRef = FF57CD4B1FEB86DD008B5D04 /* Assets.xcassets */; };
		FF57CD531FEB86DD008B5D04 /* Accounts WatchKit Extension.appex in Embed App Extensions */ = {isa = PBXBuildFile; fileRef = FF57CD521FEB86DD008B5D04 /* Accounts WatchKit Extension.appex */; settings = {ATTRIBUTES = (RemoveHeadersOnCopy, ); }; };
		FF57CD581FEB86DD008B5D04 /* InterfaceController.swift in Sources */ = {isa = PBXBuildFile; fileRef = FF57CD571FEB86DD008B5D04 /* InterfaceController.swift */; };
		FF57CD5A1FEB86DD008B5D04 /* ExtensionDelegate.swift in Sources */ = {isa = PBXBuildFile; fileRef = FF57CD591FEB86DD008B5D04 /* ExtensionDelegate.swift */; };
		FF57CD5C1FEB86DD008B5D04 /* NotificationController.swift in Sources */ = {isa = PBXBuildFile; fileRef = FF57CD5B1FEB86DD008B5D04 /* NotificationController.swift */; };
		FF57CD5E1FEB86DD008B5D04 /* Assets.xcassets in Resources */ = {isa = PBXBuildFile; fileRef = FF57CD5D1FEB86DD008B5D04 /* Assets.xcassets */; };
		FF7E3B731FEB8EA800081E5B /* Currency.swift in Sources */ = {isa = PBXBuildFile; fileRef = FF7E3B721FEB8EA800081E5B /* Currency.swift */; };
		FF7E3B751FEB8ECC00081E5B /* Account.swift in Sources */ = {isa = PBXBuildFile; fileRef = FF7E3B741FEB8ECC00081E5B /* Account.swift */; };
		FF7E3B771FEB8F3300081E5B /* AccountType.swift in Sources */ = {isa = PBXBuildFile; fileRef = FF7E3B761FEB8F3300081E5B /* AccountType.swift */; };
		FF7E3B791FEB906700081E5B /* ProductType.swift in Sources */ = {isa = PBXBuildFile; fileRef = FF7E3B781FEB906700081E5B /* ProductType.swift */; };
		FF7E3B7B1FEB90FD00081E5B /* Product.swift in Sources */ = {isa = PBXBuildFile; fileRef = FF7E3B7A1FEB90FD00081E5B /* Product.swift */; };
		FF7E3B7F1FEB990900081E5B /* AccountBase.swift in Sources */ = {isa = PBXBuildFile; fileRef = FF7E3B7E1FEB990900081E5B /* AccountBase.swift */; };
		FF7E3B811FEB992000081E5B /* PaymentAccount.swift in Sources */ = {isa = PBXBuildFile; fileRef = FF7E3B801FEB992000081E5B /* PaymentAccount.swift */; };
		FF7E3B831FEB992B00081E5B /* SavingsAccount.swift in Sources */ = {isa = PBXBuildFile; fileRef = FF7E3B821FEB992B00081E5B /* SavingsAccount.swift */; };
		FF7E3B851FEB993500081E5B /* CreditCardAccount.swift in Sources */ = {isa = PBXBuildFile; fileRef = FF7E3B841FEB993500081E5B /* CreditCardAccount.swift */; };
		FFCFE0DB1FEB9AEE00022493 /* AccountServiceProtocol.swift in Sources */ = {isa = PBXBuildFile; fileRef = FFCFE0DA1FEB9AEE00022493 /* AccountServiceProtocol.swift */; };
		FFCFE0DD1FEB9AFF00022493 /* AccountService.swift in Sources */ = {isa = PBXBuildFile; fileRef = FFCFE0DC1FEB9AFF00022493 /* AccountService.swift */; };
		FFCFE0DF1FEB9BAF00022493 /* Service.swift in Sources */ = {isa = PBXBuildFile; fileRef = FFCFE0DE1FEB9BAF00022493 /* Service.swift */; };
		FFCFE0E11FEB9BC900022493 /* ServiceProvider.swift in Sources */ = {isa = PBXBuildFile; fileRef = FFCFE0E01FEB9BC900022493 /* ServiceProvider.swift */; };
		FFCFE0E31FEB9C4B00022493 /* AccountServiceMock.swift in Sources */ = {isa = PBXBuildFile; fileRef = FFCFE0E21FEB9C4B00022493 /* AccountServiceMock.swift */; };
		FFCFE0E61FEBA58000022493 /* AccountListViewController.swift in Sources */ = {isa = PBXBuildFile; fileRef = FFCFE0E51FEBA58000022493 /* AccountListViewController.swift */; };
		FFCFE0E81FEBA58B00022493 /* AccountListViewModel.swift in Sources */ = {isa = PBXBuildFile; fileRef = FFCFE0E71FEBA58B00022493 /* AccountListViewModel.swift */; };
		FFCFE0EA1FEBA72300022493 /* AccountFetchingOptions.swift in Sources */ = {isa = PBXBuildFile; fileRef = FFCFE0E91FEBA72300022493 /* AccountFetchingOptions.swift */; };
		FFCFE0ED1FEBCBA900022493 /* StandardErrorCell.swift in Sources */ = {isa = PBXBuildFile; fileRef = FFCFE0EC1FEBCBA900022493 /* StandardErrorCell.swift */; };
		FFCFE0EF1FEBCBF600022493 /* StandardErrorCell.xib in Resources */ = {isa = PBXBuildFile; fileRef = FFCFE0EE1FEBCBF600022493 /* StandardErrorCell.xib */; };
		FFCFE0F11FEBCCBA00022493 /* StandardErrorCellViewModel.swift in Sources */ = {isa = PBXBuildFile; fileRef = FFCFE0F01FEBCCBA00022493 /* StandardErrorCellViewModel.swift */; };
		FFD687441FEBD40A00E0A464 /* DataLoadingCell.swift in Sources */ = {isa = PBXBuildFile; fileRef = FFCFE0F41FEBD07E00022493 /* DataLoadingCell.swift */; };
		FFD687451FEBD40E00E0A464 /* DataLoadingCellViewModel.swift in Sources */ = {isa = PBXBuildFile; fileRef = FFCFE0F51FEBD07F00022493 /* DataLoadingCellViewModel.swift */; };
		FFD687481FEBD51D00E0A464 /* AccountCell.swift in Sources */ = {isa = PBXBuildFile; fileRef = FFD687471FEBD51D00E0A464 /* AccountCell.swift */; };
		FFD6874A1FEBD56A00E0A464 /* AccountCell.xib in Resources */ = {isa = PBXBuildFile; fileRef = FFD687491FEBD56A00E0A464 /* AccountCell.xib */; };
		FFD6874C1FEBD5D100E0A464 /* AccountCellViewModel.swift in Sources */ = {isa = PBXBuildFile; fileRef = FFD6874B1FEBD5D100E0A464 /* AccountCellViewModel.swift */; };
		FFD890151FEBD28E0053B274 /* DataLoadingCell.xib in Resources */ = {isa = PBXBuildFile; fileRef = FFD890141FEBD28E0053B274 /* DataLoadingCell.xib */; };
/* End PBXBuildFile section */

/* Begin PBXContainerItemProxy section */
		FF57CD3B1FEB86DD008B5D04 /* PBXContainerItemProxy */ = {
			isa = PBXContainerItemProxy;
			containerPortal = FF57CD1E1FEB86DD008B5D04 /* Project object */;
			proxyType = 1;
			remoteGlobalIDString = FF57CD251FEB86DD008B5D04;
			remoteInfo = Accounts;
		};
		FF57CD451FEB86DD008B5D04 /* PBXContainerItemProxy */ = {
			isa = PBXContainerItemProxy;
			containerPortal = FF57CD1E1FEB86DD008B5D04 /* Project object */;
			proxyType = 1;
			remoteGlobalIDString = FF57CD421FEB86DD008B5D04;
			remoteInfo = "Accounts WatchKit App";
		};
		FF57CD541FEB86DD008B5D04 /* PBXContainerItemProxy */ = {
			isa = PBXContainerItemProxy;
			containerPortal = FF57CD1E1FEB86DD008B5D04 /* Project object */;
			proxyType = 1;
			remoteGlobalIDString = FF57CD511FEB86DD008B5D04;
			remoteInfo = "Accounts WatchKit Extension";
		};
/* End PBXContainerItemProxy section */

/* Begin PBXCopyFilesBuildPhase section */
		FF57CD661FEB86DD008B5D04 /* Embed App Extensions */ = {
			isa = PBXCopyFilesBuildPhase;
			buildActionMask = 2147483647;
			dstPath = "";
			dstSubfolderSpec = 13;
			files = (
				FF57CD531FEB86DD008B5D04 /* Accounts WatchKit Extension.appex in Embed App Extensions */,
			);
			name = "Embed App Extensions";
			runOnlyForDeploymentPostprocessing = 0;
		};
		FF57CD6A1FEB86DD008B5D04 /* Embed Watch Content */ = {
			isa = PBXCopyFilesBuildPhase;
			buildActionMask = 2147483647;
			dstPath = "$(CONTENTS_FOLDER_PATH)/Watch";
			dstSubfolderSpec = 16;
			files = (
				FF57CD441FEB86DD008B5D04 /* Accounts WatchKit App.app in Embed Watch Content */,
			);
			name = "Embed Watch Content";
			runOnlyForDeploymentPostprocessing = 0;
		};
/* End PBXCopyFilesBuildPhase section */

/* Begin PBXFileReference section */
		FF57CD261FEB86DD008B5D04 /* Accounts.app */ = {isa = PBXFileReference; explicitFileType = wrapper.application; includeInIndex = 0; path = Accounts.app; sourceTree = BUILT_PRODUCTS_DIR; };
		FF57CD291FEB86DD008B5D04 /* AppDelegate.swift */ = {isa = PBXFileReference; lastKnownFileType = sourcecode.swift; path = AppDelegate.swift; sourceTree = "<group>"; };
		FF57CD2E1FEB86DD008B5D04 /* Base */ = {isa = PBXFileReference; lastKnownFileType = file.storyboard; name = Base; path = Base.lproj/Main.storyboard; sourceTree = "<group>"; };
		FF57CD301FEB86DD008B5D04 /* Assets.xcassets */ = {isa = PBXFileReference; lastKnownFileType = folder.assetcatalog; path = Assets.xcassets; sourceTree = "<group>"; };
		FF57CD331FEB86DD008B5D04 /* Base */ = {isa = PBXFileReference; lastKnownFileType = file.storyboard; name = Base; path = Base.lproj/LaunchScreen.storyboard; sourceTree = "<group>"; };
		FF57CD351FEB86DD008B5D04 /* Info.plist */ = {isa = PBXFileReference; lastKnownFileType = text.plist.xml; path = Info.plist; sourceTree = "<group>"; };
		FF57CD3A1FEB86DD008B5D04 /* AccountsTests.xctest */ = {isa = PBXFileReference; explicitFileType = wrapper.cfbundle; includeInIndex = 0; path = AccountsTests.xctest; sourceTree = BUILT_PRODUCTS_DIR; };
		FF57CD3E1FEB86DD008B5D04 /* AccountsTests.swift */ = {isa = PBXFileReference; lastKnownFileType = sourcecode.swift; path = AccountsTests.swift; sourceTree = "<group>"; };
		FF57CD401FEB86DD008B5D04 /* Info.plist */ = {isa = PBXFileReference; lastKnownFileType = text.plist.xml; path = Info.plist; sourceTree = "<group>"; };
		FF57CD431FEB86DD008B5D04 /* Accounts WatchKit App.app */ = {isa = PBXFileReference; explicitFileType = wrapper.application; includeInIndex = 0; path = "Accounts WatchKit App.app"; sourceTree = BUILT_PRODUCTS_DIR; };
		FF57CD491FEB86DD008B5D04 /* Base */ = {isa = PBXFileReference; lastKnownFileType = file.storyboard; name = Base; path = Base.lproj/Interface.storyboard; sourceTree = "<group>"; };
		FF57CD4B1FEB86DD008B5D04 /* Assets.xcassets */ = {isa = PBXFileReference; lastKnownFileType = folder.assetcatalog; path = Assets.xcassets; sourceTree = "<group>"; };
		FF57CD4D1FEB86DD008B5D04 /* Info.plist */ = {isa = PBXFileReference; lastKnownFileType = text.plist.xml; path = Info.plist; sourceTree = "<group>"; };
		FF57CD521FEB86DD008B5D04 /* Accounts WatchKit Extension.appex */ = {isa = PBXFileReference; explicitFileType = "wrapper.app-extension"; includeInIndex = 0; path = "Accounts WatchKit Extension.appex"; sourceTree = BUILT_PRODUCTS_DIR; };
		FF57CD571FEB86DD008B5D04 /* InterfaceController.swift */ = {isa = PBXFileReference; lastKnownFileType = sourcecode.swift; path = InterfaceController.swift; sourceTree = "<group>"; };
		FF57CD591FEB86DD008B5D04 /* ExtensionDelegate.swift */ = {isa = PBXFileReference; lastKnownFileType = sourcecode.swift; path = ExtensionDelegate.swift; sourceTree = "<group>"; };
		FF57CD5B1FEB86DD008B5D04 /* NotificationController.swift */ = {isa = PBXFileReference; lastKnownFileType = sourcecode.swift; path = NotificationController.swift; sourceTree = "<group>"; };
		FF57CD5D1FEB86DD008B5D04 /* Assets.xcassets */ = {isa = PBXFileReference; lastKnownFileType = folder.assetcatalog; path = Assets.xcassets; sourceTree = "<group>"; };
		FF57CD5F1FEB86DD008B5D04 /* Info.plist */ = {isa = PBXFileReference; lastKnownFileType = text.plist.xml; path = Info.plist; sourceTree = "<group>"; };
		FF57CD601FEB86DD008B5D04 /* PushNotificationPayload.apns */ = {isa = PBXFileReference; lastKnownFileType = text; path = PushNotificationPayload.apns; sourceTree = "<group>"; };
		FF7E3B721FEB8EA800081E5B /* Currency.swift */ = {isa = PBXFileReference; lastKnownFileType = sourcecode.swift; path = Currency.swift; sourceTree = "<group>"; };
		FF7E3B741FEB8ECC00081E5B /* Account.swift */ = {isa = PBXFileReference; lastKnownFileType = sourcecode.swift; path = Account.swift; sourceTree = "<group>"; };
		FF7E3B761FEB8F3300081E5B /* AccountType.swift */ = {isa = PBXFileReference; lastKnownFileType = sourcecode.swift; path = AccountType.swift; sourceTree = "<group>"; };
		FF7E3B781FEB906700081E5B /* ProductType.swift */ = {isa = PBXFileReference; lastKnownFileType = sourcecode.swift; path = ProductType.swift; sourceTree = "<group>"; };
		FF7E3B7A1FEB90FD00081E5B /* Product.swift */ = {isa = PBXFileReference; lastKnownFileType = sourcecode.swift; path = Product.swift; sourceTree = "<group>"; };
		FF7E3B7E1FEB990900081E5B /* AccountBase.swift */ = {isa = PBXFileReference; lastKnownFileType = sourcecode.swift; path = AccountBase.swift; sourceTree = "<group>"; };
		FF7E3B801FEB992000081E5B /* PaymentAccount.swift */ = {isa = PBXFileReference; lastKnownFileType = sourcecode.swift; path = PaymentAccount.swift; sourceTree = "<group>"; };
		FF7E3B821FEB992B00081E5B /* SavingsAccount.swift */ = {isa = PBXFileReference; lastKnownFileType = sourcecode.swift; path = SavingsAccount.swift; sourceTree = "<group>"; };
		FF7E3B841FEB993500081E5B /* CreditCardAccount.swift */ = {isa = PBXFileReference; lastKnownFileType = sourcecode.swift; path = CreditCardAccount.swift; sourceTree = "<group>"; };
		FFCFE0DA1FEB9AEE00022493 /* AccountServiceProtocol.swift */ = {isa = PBXFileReference; lastKnownFileType = sourcecode.swift; path = AccountServiceProtocol.swift; sourceTree = "<group>"; };
		FFCFE0DC1FEB9AFF00022493 /* AccountService.swift */ = {isa = PBXFileReference; lastKnownFileType = sourcecode.swift; path = AccountService.swift; sourceTree = "<group>"; };
		FFCFE0DE1FEB9BAF00022493 /* Service.swift */ = {isa = PBXFileReference; lastKnownFileType = sourcecode.swift; path = Service.swift; sourceTree = "<group>"; };
		FFCFE0E01FEB9BC900022493 /* ServiceProvider.swift */ = {isa = PBXFileReference; lastKnownFileType = sourcecode.swift; path = ServiceProvider.swift; sourceTree = "<group>"; };
		FFCFE0E21FEB9C4B00022493 /* AccountServiceMock.swift */ = {isa = PBXFileReference; lastKnownFileType = sourcecode.swift; path = AccountServiceMock.swift; sourceTree = "<group>"; };
		FFCFE0E51FEBA58000022493 /* AccountListViewController.swift */ = {isa = PBXFileReference; lastKnownFileType = sourcecode.swift; path = AccountListViewController.swift; sourceTree = "<group>"; };
		FFCFE0E71FEBA58B00022493 /* AccountListViewModel.swift */ = {isa = PBXFileReference; lastKnownFileType = sourcecode.swift; path = AccountListViewModel.swift; sourceTree = "<group>"; };
		FFCFE0E91FEBA72300022493 /* AccountFetchingOptions.swift */ = {isa = PBXFileReference; lastKnownFileType = sourcecode.swift; path = AccountFetchingOptions.swift; sourceTree = "<group>"; };
		FFCFE0EC1FEBCBA900022493 /* StandardErrorCell.swift */ = {isa = PBXFileReference; lastKnownFileType = sourcecode.swift; path = StandardErrorCell.swift; sourceTree = "<group>"; };
		FFCFE0EE1FEBCBF600022493 /* StandardErrorCell.xib */ = {isa = PBXFileReference; lastKnownFileType = file.xib; path = StandardErrorCell.xib; sourceTree = "<group>"; };
		FFCFE0F01FEBCCBA00022493 /* StandardErrorCellViewModel.swift */ = {isa = PBXFileReference; lastKnownFileType = sourcecode.swift; path = StandardErrorCellViewModel.swift; sourceTree = "<group>"; };
		FFCFE0F41FEBD07E00022493 /* DataLoadingCell.swift */ = {isa = PBXFileReference; lastKnownFileType = sourcecode.swift; path = DataLoadingCell.swift; sourceTree = "<group>"; };
		FFCFE0F51FEBD07F00022493 /* DataLoadingCellViewModel.swift */ = {isa = PBXFileReference; lastKnownFileType = sourcecode.swift; path = DataLoadingCellViewModel.swift; sourceTree = "<group>"; };
		FFD687471FEBD51D00E0A464 /* AccountCell.swift */ = {isa = PBXFileReference; lastKnownFileType = sourcecode.swift; path = AccountCell.swift; sourceTree = "<group>"; };
		FFD687491FEBD56A00E0A464 /* AccountCell.xib */ = {isa = PBXFileReference; lastKnownFileType = file.xib; path = AccountCell.xib; sourceTree = "<group>"; };
		FFD6874B1FEBD5D100E0A464 /* AccountCellViewModel.swift */ = {isa = PBXFileReference; lastKnownFileType = sourcecode.swift; path = AccountCellViewModel.swift; sourceTree = "<group>"; };
		FFD890141FEBD28E0053B274 /* DataLoadingCell.xib */ = {isa = PBXFileReference; lastKnownFileType = file.xib; path = DataLoadingCell.xib; sourceTree = "<group>"; };
/* End PBXFileReference section */

/* Begin PBXFrameworksBuildPhase section */
		FF57CD231FEB86DD008B5D04 /* Frameworks */ = {
			isa = PBXFrameworksBuildPhase;
			buildActionMask = 2147483647;
			files = (
			);
			runOnlyForDeploymentPostprocessing = 0;
		};
		FF57CD371FEB86DD008B5D04 /* Frameworks */ = {
			isa = PBXFrameworksBuildPhase;
			buildActionMask = 2147483647;
			files = (
			);
			runOnlyForDeploymentPostprocessing = 0;
		};
		FF57CD4F1FEB86DD008B5D04 /* Frameworks */ = {
			isa = PBXFrameworksBuildPhase;
			buildActionMask = 2147483647;
			files = (
			);
			runOnlyForDeploymentPostprocessing = 0;
		};
/* End PBXFrameworksBuildPhase section */

/* Begin PBXGroup section */
		FF57CD1D1FEB86DD008B5D04 = {
			isa = PBXGroup;
			children = (
				FF57CD281FEB86DD008B5D04 /* Accounts */,
				FF57CD3D1FEB86DD008B5D04 /* AccountsTests */,
				FF57CD471FEB86DD008B5D04 /* Accounts WatchKit App */,
				FF57CD561FEB86DD008B5D04 /* Accounts WatchKit Extension */,
				FF57CD271FEB86DD008B5D04 /* Products */,
			);
			sourceTree = "<group>";
		};
		FF57CD271FEB86DD008B5D04 /* Products */ = {
			isa = PBXGroup;
			children = (
				FF57CD261FEB86DD008B5D04 /* Accounts.app */,
				FF57CD3A1FEB86DD008B5D04 /* AccountsTests.xctest */,
				FF57CD431FEB86DD008B5D04 /* Accounts WatchKit App.app */,
				FF57CD521FEB86DD008B5D04 /* Accounts WatchKit Extension.appex */,
			);
			name = Products;
			sourceTree = "<group>";
		};
		FF57CD281FEB86DD008B5D04 /* Accounts */ = {
			isa = PBXGroup;
			children = (
				FF57CD711FEB8819008B5D04 /* Application */,
				FF7E3B711FEB88AE00081E5B /* Model */,
				FF57CD741FEB884B008B5D04 /* UI */,
			);
			path = Accounts;
			sourceTree = "<group>";
		};
		FF57CD3D1FEB86DD008B5D04 /* AccountsTests */ = {
			isa = PBXGroup;
			children = (
				FF57CD3E1FEB86DD008B5D04 /* AccountsTests.swift */,
				FF57CD401FEB86DD008B5D04 /* Info.plist */,
			);
			path = AccountsTests;
			sourceTree = "<group>";
		};
		FF57CD471FEB86DD008B5D04 /* Accounts WatchKit App */ = {
			isa = PBXGroup;
			children = (
				FF57CD481FEB86DD008B5D04 /* Interface.storyboard */,
				FF57CD4B1FEB86DD008B5D04 /* Assets.xcassets */,
				FF57CD4D1FEB86DD008B5D04 /* Info.plist */,
			);
			path = "Accounts WatchKit App";
			sourceTree = "<group>";
		};
		FF57CD561FEB86DD008B5D04 /* Accounts WatchKit Extension */ = {
			isa = PBXGroup;
			children = (
				FF57CD571FEB86DD008B5D04 /* InterfaceController.swift */,
				FF57CD591FEB86DD008B5D04 /* ExtensionDelegate.swift */,
				FF57CD5B1FEB86DD008B5D04 /* NotificationController.swift */,
				FF57CD5D1FEB86DD008B5D04 /* Assets.xcassets */,
				FF57CD5F1FEB86DD008B5D04 /* Info.plist */,
				FF57CD601FEB86DD008B5D04 /* PushNotificationPayload.apns */,
			);
			path = "Accounts WatchKit Extension";
			sourceTree = "<group>";
		};
		FF57CD711FEB8819008B5D04 /* Application */ = {
			isa = PBXGroup;
			children = (
				FF57CD731FEB882D008B5D04 /* Resources */,
				FF57CD721FEB8825008B5D04 /* Services */,
				FF57CD291FEB86DD008B5D04 /* AppDelegate.swift */,
			);
			name = Application;
			sourceTree = "<group>";
		};
		FF57CD721FEB8825008B5D04 /* Services */ = {
			isa = PBXGroup;
			children = (
				FFCFE0D91FEB9ABC00022493 /* Account */,
				FFCFE0DE1FEB9BAF00022493 /* Service.swift */,
				FFCFE0E01FEB9BC900022493 /* ServiceProvider.swift */,
			);
			name = Services;
			sourceTree = "<group>";
		};
		FF57CD731FEB882D008B5D04 /* Resources */ = {
			isa = PBXGroup;
			children = (
				FF57CD301FEB86DD008B5D04 /* Assets.xcassets */,
				FF57CD351FEB86DD008B5D04 /* Info.plist */,
			);
			name = Resources;
			sourceTree = "<group>";
		};
		FF57CD741FEB884B008B5D04 /* UI */ = {
			isa = PBXGroup;
			children = (
				FF57CD761FEB8863008B5D04 /* Theme */,
				FF57CD751FEB8851008B5D04 /* Storyboards */,
				FF57CD771FEB8877008B5D04 /* Scenes */,
			);
			name = UI;
			sourceTree = "<group>";
		};
		FF57CD751FEB8851008B5D04 /* Storyboards */ = {
			isa = PBXGroup;
			children = (
				FF57CD2D1FEB86DD008B5D04 /* Main.storyboard */,
				FF57CD321FEB86DD008B5D04 /* LaunchScreen.storyboard */,
			);
			name = Storyboards;
			sourceTree = "<group>";
		};
		FF57CD761FEB8863008B5D04 /* Theme */ = {
			isa = PBXGroup;
			children = (
			);
			name = Theme;
			sourceTree = "<group>";
		};
		FF57CD771FEB8877008B5D04 /* Scenes */ = {
			isa = PBXGroup;
			children = (
				FFCFE0EB1FEBCB9300022493 /* Common */,
				FFCFE0E41FEBA56600022493 /* Account List */,
			);
			name = Scenes;
			sourceTree = "<group>";
		};
		FF7E3B711FEB88AE00081E5B /* Model */ = {
			isa = PBXGroup;
			children = (
				FF7E3B7D1FEB98F000081E5B /* Product */,
				FF7E3B7C1FEB98E500081E5B /* Account */,
				FF7E3B721FEB8EA800081E5B /* Currency.swift */,
			);
			name = Model;
			sourceTree = "<group>";
		};
		FF7E3B7C1FEB98E500081E5B /* Account */ = {
			isa = PBXGroup;
			children = (
				FF7E3B761FEB8F3300081E5B /* AccountType.swift */,
				FF7E3B741FEB8ECC00081E5B /* Account.swift */,
				FF7E3B7E1FEB990900081E5B /* AccountBase.swift */,
				FF7E3B801FEB992000081E5B /* PaymentAccount.swift */,
				FF7E3B821FEB992B00081E5B /* SavingsAccount.swift */,
				FF7E3B841FEB993500081E5B /* CreditCardAccount.swift */,
			);
			name = Account;
			sourceTree = "<group>";
		};
		FF7E3B7D1FEB98F000081E5B /* Product */ = {
			isa = PBXGroup;
			children = (
				FF7E3B781FEB906700081E5B /* ProductType.swift */,
				FF7E3B7A1FEB90FD00081E5B /* Product.swift */,
			);
			name = Product;
			sourceTree = "<group>";
		};
		FFCFE0D91FEB9ABC00022493 /* Account */ = {
			isa = PBXGroup;
			children = (
				FFCFE0E91FEBA72300022493 /* AccountFetchingOptions.swift */,
				FFCFE0DA1FEB9AEE00022493 /* AccountServiceProtocol.swift */,
				FFCFE0DC1FEB9AFF00022493 /* AccountService.swift */,
				FFCFE0E21FEB9C4B00022493 /* AccountServiceMock.swift */,
			);
			name = Account;
			sourceTree = "<group>";
		};
		FFCFE0E41FEBA56600022493 /* Account List */ = {
			isa = PBXGroup;
			children = (
				FFD687461FEBD4E800E0A464 /* Views */,
				FFCFE0E51FEBA58000022493 /* AccountListViewController.swift */,
				FFCFE0E71FEBA58B00022493 /* AccountListViewModel.swift */,
			);
			name = "Account List";
			sourceTree = "<group>";
		};
		FFCFE0EB1FEBCB9300022493 /* Common */ = {
			isa = PBXGroup;
			children = (
				FFCFE0F31FEBD00900022493 /* Data Loading Cell */,
				FFCFE0F21FEBCFF500022493 /* Error Cell */,
			);
			name = Common;
			sourceTree = "<group>";
		};
		FFCFE0F21FEBCFF500022493 /* Error Cell */ = {
			isa = PBXGroup;
			children = (
				FFCFE0EC1FEBCBA900022493 /* StandardErrorCell.swift */,
				FFCFE0EE1FEBCBF600022493 /* StandardErrorCell.xib */,
				FFCFE0F01FEBCCBA00022493 /* StandardErrorCellViewModel.swift */,
			);
			name = "Error Cell";
			sourceTree = "<group>";
		};
		FFCFE0F31FEBD00900022493 /* Data Loading Cell */ = {
			isa = PBXGroup;
			children = (
				FFCFE0F41FEBD07E00022493 /* DataLoadingCell.swift */,
				FFD890141FEBD28E0053B274 /* DataLoadingCell.xib */,
				FFCFE0F51FEBD07F00022493 /* DataLoadingCellViewModel.swift */,
			);
			name = "Data Loading Cell";
			sourceTree = "<group>";
		};
		FFD687461FEBD4E800E0A464 /* Views */ = {
			isa = PBXGroup;
			children = (
				FFD687471FEBD51D00E0A464 /* AccountCell.swift */,
				FFD687491FEBD56A00E0A464 /* AccountCell.xib */,
				FFD6874B1FEBD5D100E0A464 /* AccountCellViewModel.swift */,
			);
			name = Views;
			sourceTree = "<group>";
		};
/* End PBXGroup section */

/* Begin PBXNativeTarget section */
		FF57CD251FEB86DD008B5D04 /* Accounts */ = {
			isa = PBXNativeTarget;
			buildConfigurationList = FF57CD6B1FEB86DD008B5D04 /* Build configuration list for PBXNativeTarget "Accounts" */;
			buildPhases = (
				FF57CD221FEB86DD008B5D04 /* Sources */,
				FF57CD231FEB86DD008B5D04 /* Frameworks */,
				FF57CD241FEB86DD008B5D04 /* Resources */,
				FF57CD6A1FEB86DD008B5D04 /* Embed Watch Content */,
			);
			buildRules = (
			);
			dependencies = (
				FF57CD461FEB86DD008B5D04 /* PBXTargetDependency */,
			);
			name = Accounts;
			productName = Accounts;
			productReference = FF57CD261FEB86DD008B5D04 /* Accounts.app */;
			productType = "com.apple.product-type.application";
		};
		FF57CD391FEB86DD008B5D04 /* AccountsTests */ = {
			isa = PBXNativeTarget;
			buildConfigurationList = FF57CD6E1FEB86DD008B5D04 /* Build configuration list for PBXNativeTarget "AccountsTests" */;
			buildPhases = (
				FF57CD361FEB86DD008B5D04 /* Sources */,
				FF57CD371FEB86DD008B5D04 /* Frameworks */,
				FF57CD381FEB86DD008B5D04 /* Resources */,
			);
			buildRules = (
			);
			dependencies = (
				FF57CD3C1FEB86DD008B5D04 /* PBXTargetDependency */,
			);
			name = AccountsTests;
			productName = AccountsTests;
			productReference = FF57CD3A1FEB86DD008B5D04 /* AccountsTests.xctest */;
			productType = "com.apple.product-type.bundle.unit-test";
		};
		FF57CD421FEB86DD008B5D04 /* Accounts WatchKit App */ = {
			isa = PBXNativeTarget;
			buildConfigurationList = FF57CD671FEB86DD008B5D04 /* Build configuration list for PBXNativeTarget "Accounts WatchKit App" */;
			buildPhases = (
				FF57CD411FEB86DD008B5D04 /* Resources */,
				FF57CD661FEB86DD008B5D04 /* Embed App Extensions */,
			);
			buildRules = (
			);
			dependencies = (
				FF57CD551FEB86DD008B5D04 /* PBXTargetDependency */,
			);
			name = "Accounts WatchKit App";
			productName = "Accounts WatchKit App";
			productReference = FF57CD431FEB86DD008B5D04 /* Accounts WatchKit App.app */;
			productType = "com.apple.product-type.application.watchapp2";
		};
		FF57CD511FEB86DD008B5D04 /* Accounts WatchKit Extension */ = {
			isa = PBXNativeTarget;
			buildConfigurationList = FF57CD631FEB86DD008B5D04 /* Build configuration list for PBXNativeTarget "Accounts WatchKit Extension" */;
			buildPhases = (
				FF57CD4E1FEB86DD008B5D04 /* Sources */,
				FF57CD4F1FEB86DD008B5D04 /* Frameworks */,
				FF57CD501FEB86DD008B5D04 /* Resources */,
			);
			buildRules = (
			);
			dependencies = (
			);
			name = "Accounts WatchKit Extension";
			productName = "Accounts WatchKit Extension";
			productReference = FF57CD521FEB86DD008B5D04 /* Accounts WatchKit Extension.appex */;
			productType = "com.apple.product-type.watchkit2-extension";
		};
/* End PBXNativeTarget section */

/* Begin PBXProject section */
		FF57CD1E1FEB86DD008B5D04 /* Project object */ = {
			isa = PBXProject;
			attributes = {
				LastSwiftUpdateCheck = 0900;
				LastUpgradeCheck = 0900;
				ORGANIZATIONNAME = "Sorin Lumezeanu";
				TargetAttributes = {
					FF57CD251FEB86DD008B5D04 = {
						CreatedOnToolsVersion = 9.0;
						ProvisioningStyle = Automatic;
					};
					FF57CD391FEB86DD008B5D04 = {
						CreatedOnToolsVersion = 9.0;
						ProvisioningStyle = Automatic;
						TestTargetID = FF57CD251FEB86DD008B5D04;
					};
					FF57CD421FEB86DD008B5D04 = {
						CreatedOnToolsVersion = 9.0;
						ProvisioningStyle = Automatic;
					};
					FF57CD511FEB86DD008B5D04 = {
						CreatedOnToolsVersion = 9.0;
						ProvisioningStyle = Automatic;
					};
				};
			};
			buildConfigurationList = FF57CD211FEB86DD008B5D04 /* Build configuration list for PBXProject "Accounts" */;
			compatibilityVersion = "Xcode 8.0";
			developmentRegion = en;
			hasScannedForEncodings = 0;
			knownRegions = (
				en,
				Base,
			);
			mainGroup = FF57CD1D1FEB86DD008B5D04;
			productRefGroup = FF57CD271FEB86DD008B5D04 /* Products */;
			projectDirPath = "";
			projectRoot = "";
			targets = (
				FF57CD251FEB86DD008B5D04 /* Accounts */,
				FF57CD391FEB86DD008B5D04 /* AccountsTests */,
				FF57CD421FEB86DD008B5D04 /* Accounts WatchKit App */,
				FF57CD511FEB86DD008B5D04 /* Accounts WatchKit Extension */,
			);
		};
/* End PBXProject section */

/* Begin PBXResourcesBuildPhase section */
		FF57CD241FEB86DD008B5D04 /* Resources */ = {
			isa = PBXResourcesBuildPhase;
			buildActionMask = 2147483647;
			files = (
				FF57CD341FEB86DD008B5D04 /* LaunchScreen.storyboard in Resources */,
				FFCFE0EF1FEBCBF600022493 /* StandardErrorCell.xib in Resources */,
				FF57CD311FEB86DD008B5D04 /* Assets.xcassets in Resources */,
				FF57CD2F1FEB86DD008B5D04 /* Main.storyboard in Resources */,
				FFD890151FEBD28E0053B274 /* DataLoadingCell.xib in Resources */,
				FFD6874A1FEBD56A00E0A464 /* AccountCell.xib in Resources */,
			);
			runOnlyForDeploymentPostprocessing = 0;
		};
		FF57CD381FEB86DD008B5D04 /* Resources */ = {
			isa = PBXResourcesBuildPhase;
			buildActionMask = 2147483647;
			files = (
			);
			runOnlyForDeploymentPostprocessing = 0;
		};
		FF57CD411FEB86DD008B5D04 /* Resources */ = {
			isa = PBXResourcesBuildPhase;
			buildActionMask = 2147483647;
			files = (
				FF57CD4C1FEB86DD008B5D04 /* Assets.xcassets in Resources */,
				FF57CD4A1FEB86DD008B5D04 /* Interface.storyboard in Resources */,
			);
			runOnlyForDeploymentPostprocessing = 0;
		};
		FF57CD501FEB86DD008B5D04 /* Resources */ = {
			isa = PBXResourcesBuildPhase;
			buildActionMask = 2147483647;
			files = (
				FF57CD5E1FEB86DD008B5D04 /* Assets.xcassets in Resources */,
			);
			runOnlyForDeploymentPostprocessing = 0;
		};
/* End PBXResourcesBuildPhase section */

/* Begin PBXSourcesBuildPhase section */
		FF57CD221FEB86DD008B5D04 /* Sources */ = {
			isa = PBXSourcesBuildPhase;
			buildActionMask = 2147483647;
			files = (
				FF7E3B731FEB8EA800081E5B /* Currency.swift in Sources */,
				FFCFE0DF1FEB9BAF00022493 /* Service.swift in Sources */,
				FFCFE0E61FEBA58000022493 /* AccountListViewController.swift in Sources */,
				FFD687451FEBD40E00E0A464 /* DataLoadingCellViewModel.swift in Sources */,
				FF7E3B751FEB8ECC00081E5B /* Account.swift in Sources */,
				FFCFE0DD1FEB9AFF00022493 /* AccountService.swift in Sources */,
				FFD6874C1FEBD5D100E0A464 /* AccountCellViewModel.swift in Sources */,
				FFCFE0EA1FEBA72300022493 /* AccountFetchingOptions.swift in Sources */,
				FF57CD2A1FEB86DD008B5D04 /* AppDelegate.swift in Sources */,
				FFCFE0E11FEB9BC900022493 /* ServiceProvider.swift in Sources */,
				FF7E3B7F1FEB990900081E5B /* AccountBase.swift in Sources */,
				FF7E3B771FEB8F3300081E5B /* AccountType.swift in Sources */,
				FF7E3B791FEB906700081E5B /* ProductType.swift in Sources */,
				FFCFE0DB1FEB9AEE00022493 /* AccountServiceProtocol.swift in Sources */,
				FFCFE0F11FEBCCBA00022493 /* StandardErrorCellViewModel.swift in Sources */,
				FFCFE0E31FEB9C4B00022493 /* AccountServiceMock.swift in Sources */,
				FF7E3B851FEB993500081E5B /* CreditCardAccount.swift in Sources */,
				FF7E3B831FEB992B00081E5B /* SavingsAccount.swift in Sources */,
				FFD687481FEBD51D00E0A464 /* AccountCell.swift in Sources */,
				FF7E3B811FEB992000081E5B /* PaymentAccount.swift in Sources */,
				FFCFE0E81FEBA58B00022493 /* AccountListViewModel.swift in Sources */,
				FFCFE0ED1FEBCBA900022493 /* StandardErrorCell.swift in Sources */,
				FFD687441FEBD40A00E0A464 /* DataLoadingCell.swift in Sources */,
				FF7E3B7B1FEB90FD00081E5B /* Product.swift in Sources */,
			);
			runOnlyForDeploymentPostprocessing = 0;
		};
		FF57CD361FEB86DD008B5D04 /* Sources */ = {
			isa = PBXSourcesBuildPhase;
			buildActionMask = 2147483647;
			files = (
				FF57CD3F1FEB86DD008B5D04 /* AccountsTests.swift in Sources */,
			);
			runOnlyForDeploymentPostprocessing = 0;
		};
		FF57CD4E1FEB86DD008B5D04 /* Sources */ = {
			isa = PBXSourcesBuildPhase;
			buildActionMask = 2147483647;
			files = (
				FF57CD5C1FEB86DD008B5D04 /* NotificationController.swift in Sources */,
				FF57CD5A1FEB86DD008B5D04 /* ExtensionDelegate.swift in Sources */,
				FF57CD581FEB86DD008B5D04 /* InterfaceController.swift in Sources */,
			);
			runOnlyForDeploymentPostprocessing = 0;
		};
/* End PBXSourcesBuildPhase section */

/* Begin PBXTargetDependency section */
		FF57CD3C1FEB86DD008B5D04 /* PBXTargetDependency */ = {
			isa = PBXTargetDependency;
			target = FF57CD251FEB86DD008B5D04 /* Accounts */;
			targetProxy = FF57CD3B1FEB86DD008B5D04 /* PBXContainerItemProxy */;
		};
		FF57CD461FEB86DD008B5D04 /* PBXTargetDependency */ = {
			isa = PBXTargetDependency;
			target = FF57CD421FEB86DD008B5D04 /* Accounts WatchKit App */;
			targetProxy = FF57CD451FEB86DD008B5D04 /* PBXContainerItemProxy */;
		};
		FF57CD551FEB86DD008B5D04 /* PBXTargetDependency */ = {
			isa = PBXTargetDependency;
			target = FF57CD511FEB86DD008B5D04 /* Accounts WatchKit Extension */;
			targetProxy = FF57CD541FEB86DD008B5D04 /* PBXContainerItemProxy */;
		};
/* End PBXTargetDependency section */

/* Begin PBXVariantGroup section */
		FF57CD2D1FEB86DD008B5D04 /* Main.storyboard */ = {
			isa = PBXVariantGroup;
			children = (
				FF57CD2E1FEB86DD008B5D04 /* Base */,
			);
			name = Main.storyboard;
			sourceTree = "<group>";
		};
		FF57CD321FEB86DD008B5D04 /* LaunchScreen.storyboard */ = {
			isa = PBXVariantGroup;
			children = (
				FF57CD331FEB86DD008B5D04 /* Base */,
			);
			name = LaunchScreen.storyboard;
			sourceTree = "<group>";
		};
		FF57CD481FEB86DD008B5D04 /* Interface.storyboard */ = {
			isa = PBXVariantGroup;
			children = (
				FF57CD491FEB86DD008B5D04 /* Base */,
			);
			name = Interface.storyboard;
			sourceTree = "<group>";
		};
/* End PBXVariantGroup section */

/* Begin XCBuildConfiguration section */
		FF57CD611FEB86DD008B5D04 /* Debug */ = {
			isa = XCBuildConfiguration;
			buildSettings = {
				ALWAYS_SEARCH_USER_PATHS = NO;
				CLANG_ANALYZER_NONNULL = YES;
				CLANG_ANALYZER_NUMBER_OBJECT_CONVERSION = YES_AGGRESSIVE;
				CLANG_CXX_LANGUAGE_STANDARD = "gnu++14";
				CLANG_CXX_LIBRARY = "libc++";
				CLANG_ENABLE_MODULES = YES;
				CLANG_ENABLE_OBJC_ARC = YES;
				CLANG_WARN_BLOCK_CAPTURE_AUTORELEASING = YES;
				CLANG_WARN_BOOL_CONVERSION = YES;
				CLANG_WARN_COMMA = YES;
				CLANG_WARN_CONSTANT_CONVERSION = YES;
				CLANG_WARN_DIRECT_OBJC_ISA_USAGE = YES_ERROR;
				CLANG_WARN_DOCUMENTATION_COMMENTS = YES;
				CLANG_WARN_EMPTY_BODY = YES;
				CLANG_WARN_ENUM_CONVERSION = YES;
				CLANG_WARN_INFINITE_RECURSION = YES;
				CLANG_WARN_INT_CONVERSION = YES;
				CLANG_WARN_NON_LITERAL_NULL_CONVERSION = YES;
				CLANG_WARN_OBJC_LITERAL_CONVERSION = YES;
				CLANG_WARN_OBJC_ROOT_CLASS = YES_ERROR;
				CLANG_WARN_RANGE_LOOP_ANALYSIS = YES;
				CLANG_WARN_STRICT_PROTOTYPES = YES;
				CLANG_WARN_SUSPICIOUS_MOVE = YES;
				CLANG_WARN_UNGUARDED_AVAILABILITY = YES_AGGRESSIVE;
				CLANG_WARN_UNREACHABLE_CODE = YES;
				CLANG_WARN__DUPLICATE_METHOD_MATCH = YES;
				CODE_SIGN_IDENTITY = "iPhone Developer";
				COPY_PHASE_STRIP = NO;
				DEBUG_INFORMATION_FORMAT = dwarf;
				ENABLE_STRICT_OBJC_MSGSEND = YES;
				ENABLE_TESTABILITY = YES;
				GCC_C_LANGUAGE_STANDARD = gnu11;
				GCC_DYNAMIC_NO_PIC = NO;
				GCC_NO_COMMON_BLOCKS = YES;
				GCC_OPTIMIZATION_LEVEL = 0;
				GCC_PREPROCESSOR_DEFINITIONS = (
					"DEBUG=1",
					"$(inherited)",
				);
				GCC_WARN_64_TO_32_BIT_CONVERSION = YES;
				GCC_WARN_ABOUT_RETURN_TYPE = YES_ERROR;
				GCC_WARN_UNDECLARED_SELECTOR = YES;
				GCC_WARN_UNINITIALIZED_AUTOS = YES_AGGRESSIVE;
				GCC_WARN_UNUSED_FUNCTION = YES;
				GCC_WARN_UNUSED_VARIABLE = YES;
				IPHONEOS_DEPLOYMENT_TARGET = 11.0;
				MTL_ENABLE_DEBUG_INFO = YES;
				ONLY_ACTIVE_ARCH = YES;
				SDKROOT = iphoneos;
				SWIFT_ACTIVE_COMPILATION_CONDITIONS = DEBUG;
				SWIFT_OPTIMIZATION_LEVEL = "-Onone";
			};
			name = Debug;
		};
		FF57CD621FEB86DD008B5D04 /* Release */ = {
			isa = XCBuildConfiguration;
			buildSettings = {
				ALWAYS_SEARCH_USER_PATHS = NO;
				CLANG_ANALYZER_NONNULL = YES;
				CLANG_ANALYZER_NUMBER_OBJECT_CONVERSION = YES_AGGRESSIVE;
				CLANG_CXX_LANGUAGE_STANDARD = "gnu++14";
				CLANG_CXX_LIBRARY = "libc++";
				CLANG_ENABLE_MODULES = YES;
				CLANG_ENABLE_OBJC_ARC = YES;
				CLANG_WARN_BLOCK_CAPTURE_AUTORELEASING = YES;
				CLANG_WARN_BOOL_CONVERSION = YES;
				CLANG_WARN_COMMA = YES;
				CLANG_WARN_CONSTANT_CONVERSION = YES;
				CLANG_WARN_DIRECT_OBJC_ISA_USAGE = YES_ERROR;
				CLANG_WARN_DOCUMENTATION_COMMENTS = YES;
				CLANG_WARN_EMPTY_BODY = YES;
				CLANG_WARN_ENUM_CONVERSION = YES;
				CLANG_WARN_INFINITE_RECURSION = YES;
				CLANG_WARN_INT_CONVERSION = YES;
				CLANG_WARN_NON_LITERAL_NULL_CONVERSION = YES;
				CLANG_WARN_OBJC_LITERAL_CONVERSION = YES;
				CLANG_WARN_OBJC_ROOT_CLASS = YES_ERROR;
				CLANG_WARN_RANGE_LOOP_ANALYSIS = YES;
				CLANG_WARN_STRICT_PROTOTYPES = YES;
				CLANG_WARN_SUSPICIOUS_MOVE = YES;
				CLANG_WARN_UNGUARDED_AVAILABILITY = YES_AGGRESSIVE;
				CLANG_WARN_UNREACHABLE_CODE = YES;
				CLANG_WARN__DUPLICATE_METHOD_MATCH = YES;
				CODE_SIGN_IDENTITY = "iPhone Developer";
				COPY_PHASE_STRIP = NO;
				DEBUG_INFORMATION_FORMAT = "dwarf-with-dsym";
				ENABLE_NS_ASSERTIONS = NO;
				ENABLE_STRICT_OBJC_MSGSEND = YES;
				GCC_C_LANGUAGE_STANDARD = gnu11;
				GCC_NO_COMMON_BLOCKS = YES;
				GCC_WARN_64_TO_32_BIT_CONVERSION = YES;
				GCC_WARN_ABOUT_RETURN_TYPE = YES_ERROR;
				GCC_WARN_UNDECLARED_SELECTOR = YES;
				GCC_WARN_UNINITIALIZED_AUTOS = YES_AGGRESSIVE;
				GCC_WARN_UNUSED_FUNCTION = YES;
				GCC_WARN_UNUSED_VARIABLE = YES;
				IPHONEOS_DEPLOYMENT_TARGET = 11.0;
				MTL_ENABLE_DEBUG_INFO = NO;
				SDKROOT = iphoneos;
				SWIFT_OPTIMIZATION_LEVEL = "-Owholemodule";
				VALIDATE_PRODUCT = YES;
			};
			name = Release;
		};
		FF57CD641FEB86DD008B5D04 /* Debug */ = {
			isa = XCBuildConfiguration;
			buildSettings = {
				ASSETCATALOG_COMPILER_COMPLICATION_NAME = Complication;
				CODE_SIGN_STYLE = Automatic;
				DEVELOPMENT_TEAM = FJ44ATDR3A;
				INFOPLIST_FILE = "Accounts WatchKit Extension/Info.plist";
				LD_RUNPATH_SEARCH_PATHS = "$(inherited) @executable_path/Frameworks @executable_path/../../Frameworks";
				PRODUCT_BUNDLE_IDENTIFIER = com.lumezeanu.sorin.Accounts.watchkitapp.watchkitextension;
				PRODUCT_NAME = "${TARGET_NAME}";
				SDKROOT = watchos;
				SKIP_INSTALL = YES;
				SWIFT_VERSION = 4.0;
				TARGETED_DEVICE_FAMILY = 4;
				WATCHOS_DEPLOYMENT_TARGET = 4.0;
			};
			name = Debug;
		};
		FF57CD651FEB86DD008B5D04 /* Release */ = {
			isa = XCBuildConfiguration;
			buildSettings = {
				ASSETCATALOG_COMPILER_COMPLICATION_NAME = Complication;
				CODE_SIGN_STYLE = Automatic;
				DEVELOPMENT_TEAM = FJ44ATDR3A;
				INFOPLIST_FILE = "Accounts WatchKit Extension/Info.plist";
				LD_RUNPATH_SEARCH_PATHS = "$(inherited) @executable_path/Frameworks @executable_path/../../Frameworks";
				PRODUCT_BUNDLE_IDENTIFIER = com.lumezeanu.sorin.Accounts.watchkitapp.watchkitextension;
				PRODUCT_NAME = "${TARGET_NAME}";
				SDKROOT = watchos;
				SKIP_INSTALL = YES;
				SWIFT_VERSION = 4.0;
				TARGETED_DEVICE_FAMILY = 4;
				WATCHOS_DEPLOYMENT_TARGET = 4.0;
			};
			name = Release;
		};
		FF57CD681FEB86DD008B5D04 /* Debug */ = {
			isa = XCBuildConfiguration;
			buildSettings = {
				ALWAYS_EMBED_SWIFT_STANDARD_LIBRARIES = YES;
				ASSETCATALOG_COMPILER_APPICON_NAME = AppIcon;
				CODE_SIGN_STYLE = Automatic;
				DEVELOPMENT_TEAM = FJ44ATDR3A;
				IBSC_MODULE = Accounts_WatchKit_Extension;
				INFOPLIST_FILE = "Accounts WatchKit App/Info.plist";
				PRODUCT_BUNDLE_IDENTIFIER = com.lumezeanu.sorin.Accounts.watchkitapp;
				PRODUCT_NAME = "$(TARGET_NAME)";
				SDKROOT = watchos;
				SKIP_INSTALL = YES;
				SWIFT_VERSION = 4.0;
				TARGETED_DEVICE_FAMILY = 4;
				WATCHOS_DEPLOYMENT_TARGET = 4.0;
			};
			name = Debug;
		};
		FF57CD691FEB86DD008B5D04 /* Release */ = {
			isa = XCBuildConfiguration;
			buildSettings = {
				ALWAYS_EMBED_SWIFT_STANDARD_LIBRARIES = YES;
				ASSETCATALOG_COMPILER_APPICON_NAME = AppIcon;
				CODE_SIGN_STYLE = Automatic;
				DEVELOPMENT_TEAM = FJ44ATDR3A;
				IBSC_MODULE = Accounts_WatchKit_Extension;
				INFOPLIST_FILE = "Accounts WatchKit App/Info.plist";
				PRODUCT_BUNDLE_IDENTIFIER = com.lumezeanu.sorin.Accounts.watchkitapp;
				PRODUCT_NAME = "$(TARGET_NAME)";
				SDKROOT = watchos;
				SKIP_INSTALL = YES;
				SWIFT_VERSION = 4.0;
				TARGETED_DEVICE_FAMILY = 4;
				WATCHOS_DEPLOYMENT_TARGET = 4.0;
			};
			name = Release;
		};
		FF57CD6C1FEB86DD008B5D04 /* Debug */ = {
			isa = XCBuildConfiguration;
			buildSettings = {
				ASSETCATALOG_COMPILER_APPICON_NAME = AppIcon;
				CODE_SIGN_STYLE = Automatic;
				DEVELOPMENT_TEAM = FJ44ATDR3A;
				INFOPLIST_FILE = Accounts/Info.plist;
				LD_RUNPATH_SEARCH_PATHS = "$(inherited) @executable_path/Frameworks";
				PRODUCT_BUNDLE_IDENTIFIER = com.lumezeanu.sorin.Accounts;
				PRODUCT_NAME = "$(TARGET_NAME)";
				SWIFT_VERSION = 4.0;
				TARGETED_DEVICE_FAMILY = "1,2";
			};
			name = Debug;
		};
		FF57CD6D1FEB86DD008B5D04 /* Release */ = {
			isa = XCBuildConfiguration;
			buildSettings = {
				ASSETCATALOG_COMPILER_APPICON_NAME = AppIcon;
				CODE_SIGN_STYLE = Automatic;
				DEVELOPMENT_TEAM = FJ44ATDR3A;
				INFOPLIST_FILE = Accounts/Info.plist;
				LD_RUNPATH_SEARCH_PATHS = "$(inherited) @executable_path/Frameworks";
				PRODUCT_BUNDLE_IDENTIFIER = com.lumezeanu.sorin.Accounts;
				PRODUCT_NAME = "$(TARGET_NAME)";
				SWIFT_VERSION = 4.0;
				TARGETED_DEVICE_FAMILY = "1,2";
			};
			name = Release;
		};
		FF57CD6F1FEB86DD008B5D04 /* Debug */ = {
			isa = XCBuildConfiguration;
			buildSettings = {
				ALWAYS_EMBED_SWIFT_STANDARD_LIBRARIES = YES;
				BUNDLE_LOADER = "$(TEST_HOST)";
				CODE_SIGN_STYLE = Automatic;
				DEVELOPMENT_TEAM = FJ44ATDR3A;
				INFOPLIST_FILE = AccountsTests/Info.plist;
				LD_RUNPATH_SEARCH_PATHS = "$(inherited) @executable_path/Frameworks @loader_path/Frameworks";
				PRODUCT_BUNDLE_IDENTIFIER = com.lumezeanu.sorin.AccountsTests;
				PRODUCT_NAME = "$(TARGET_NAME)";
				SWIFT_VERSION = 4.0;
				TARGETED_DEVICE_FAMILY = "1,2";
				TEST_HOST = "$(BUILT_PRODUCTS_DIR)/Accounts.app/Accounts";
			};
			name = Debug;
		};
		FF57CD701FEB86DD008B5D04 /* Release */ = {
			isa = XCBuildConfiguration;
			buildSettings = {
				ALWAYS_EMBED_SWIFT_STANDARD_LIBRARIES = YES;
				BUNDLE_LOADER = "$(TEST_HOST)";
				CODE_SIGN_STYLE = Automatic;
				DEVELOPMENT_TEAM = FJ44ATDR3A;
				INFOPLIST_FILE = AccountsTests/Info.plist;
				LD_RUNPATH_SEARCH_PATHS = "$(inherited) @executable_path/Frameworks @loader_path/Frameworks";
				PRODUCT_BUNDLE_IDENTIFIER = com.lumezeanu.sorin.AccountsTests;
				PRODUCT_NAME = "$(TARGET_NAME)";
				SWIFT_VERSION = 4.0;
				TARGETED_DEVICE_FAMILY = "1,2";
				TEST_HOST = "$(BUILT_PRODUCTS_DIR)/Accounts.app/Accounts";
			};
			name = Release;
		};
/* End XCBuildConfiguration section */

/* Begin XCConfigurationList section */
		FF57CD211FEB86DD008B5D04 /* Build configuration list for PBXProject "Accounts" */ = {
			isa = XCConfigurationList;
			buildConfigurations = (
				FF57CD611FEB86DD008B5D04 /* Debug */,
				FF57CD621FEB86DD008B5D04 /* Release */,
			);
			defaultConfigurationIsVisible = 0;
			defaultConfigurationName = Release;
		};
		FF57CD631FEB86DD008B5D04 /* Build configuration list for PBXNativeTarget "Accounts WatchKit Extension" */ = {
			isa = XCConfigurationList;
			buildConfigurations = (
				FF57CD641FEB86DD008B5D04 /* Debug */,
				FF57CD651FEB86DD008B5D04 /* Release */,
			);
			defaultConfigurationIsVisible = 0;
			defaultConfigurationName = Release;
		};
		FF57CD671FEB86DD008B5D04 /* Build configuration list for PBXNativeTarget "Accounts WatchKit App" */ = {
			isa = XCConfigurationList;
			buildConfigurations = (
				FF57CD681FEB86DD008B5D04 /* Debug */,
				FF57CD691FEB86DD008B5D04 /* Release */,
			);
			defaultConfigurationIsVisible = 0;
			defaultConfigurationName = Release;
		};
		FF57CD6B1FEB86DD008B5D04 /* Build configuration list for PBXNativeTarget "Accounts" */ = {
			isa = XCConfigurationList;
			buildConfigurations = (
				FF57CD6C1FEB86DD008B5D04 /* Debug */,
				FF57CD6D1FEB86DD008B5D04 /* Release */,
			);
			defaultConfigurationIsVisible = 0;
			defaultConfigurationName = Release;
		};
		FF57CD6E1FEB86DD008B5D04 /* Build configuration list for PBXNativeTarget "AccountsTests" */ = {
			isa = XCConfigurationList;
			buildConfigurations = (
				FF57CD6F1FEB86DD008B5D04 /* Debug */,
				FF57CD701FEB86DD008B5D04 /* Release */,
			);
			defaultConfigurationIsVisible = 0;
			defaultConfigurationName = Release;
		};
/* End XCConfigurationList section */
	};
	rootObject = FF57CD1E1FEB86DD008B5D04 /* Project object */;
}
