// !$*UTF8*$!
{
	archiveVersion = 1;
	classes = {
	};
	objectVersion = 48;
	objects = {

/* Begin PBXBuildFile section */
		68752A66D23F667284544E3D /* Pods_AccountsTests.framework in Frameworks */ = {isa = PBXBuildFile; fileRef = 7EAAF9E673B7786CEF3A2C53 /* Pods_AccountsTests.framework */; };
		BB62A67F0F9ECCBED33C5E2C /* Pods_Accounts.framework in Frameworks */ = {isa = PBXBuildFile; fileRef = 5F3540CAFD09C28BEEFF4771 /* Pods_Accounts.framework */; };
		FF57CD2A1FEB86DD008B5D04 /* AppDelegate.swift in Sources */ = {isa = PBXBuildFile; fileRef = FF57CD291FEB86DD008B5D04 /* AppDelegate.swift */; };
		FF57CD2F1FEB86DD008B5D04 /* Main.storyboard in Resources */ = {isa = PBXBuildFile; fileRef = FF57CD2D1FEB86DD008B5D04 /* Main.storyboard */; };
		FF57CD311FEB86DD008B5D04 /* Assets.xcassets in Resources */ = {isa = PBXBuildFile; fileRef = FF57CD301FEB86DD008B5D04 /* Assets.xcassets */; };
		FF57CD341FEB86DD008B5D04 /* LaunchScreen.storyboard in Resources */ = {isa = PBXBuildFile; fileRef = FF57CD321FEB86DD008B5D04 /* LaunchScreen.storyboard */; };
		FF57CD441FEB86DD008B5D04 /* Accounts WatchKit App.app in Embed Watch Content */ = {isa = PBXBuildFile; fileRef = FF57CD431FEB86DD008B5D04 /* Accounts WatchKit App.app */; };
		FF57CD4A1FEB86DD008B5D04 /* Interface.storyboard in Resources */ = {isa = PBXBuildFile; fileRef = FF57CD481FEB86DD008B5D04 /* Interface.storyboard */; };
		FF57CD4C1FEB86DD008B5D04 /* Assets.xcassets in Resources */ = {isa = PBXBuildFile; fileRef = FF57CD4B1FEB86DD008B5D04 /* Assets.xcassets */; };
		FF57CD531FEB86DD008B5D04 /* Accounts WatchKit Extension.appex in Embed App Extensions */ = {isa = PBXBuildFile; fileRef = FF57CD521FEB86DD008B5D04 /* Accounts WatchKit Extension.appex */; settings = {ATTRIBUTES = (RemoveHeadersOnCopy, ); }; };
		FF57CD581FEB86DD008B5D04 /* InterfaceController.swift in Sources */ = {isa = PBXBuildFile; fileRef = FF57CD571FEB86DD008B5D04 /* InterfaceController.swift */; };
		FF57CD5A1FEB86DD008B5D04 /* ExtensionDelegate.swift in Sources */ = {isa = PBXBuildFile; fileRef = FF57CD591FEB86DD008B5D04 /* ExtensionDelegate.swift */; };
		FF57CD5C1FEB86DD008B5D04 /* NotificationController.swift in Sources */ = {isa = PBXBuildFile; fileRef = FF57CD5B1FEB86DD008B5D04 /* NotificationController.swift */; };
		FF57CD5E1FEB86DD008B5D04 /* Assets.xcassets in Resources */ = {isa = PBXBuildFile; fileRef = FF57CD5D1FEB86DD008B5D04 /* Assets.xcassets */; };
		FF7E3B731FEB8EA800081E5B /* Currency.swift in Sources */ = {isa = PBXBuildFile; fileRef = FF7E3B721FEB8EA800081E5B /* Currency.swift */; };
		FF7E3B751FEB8ECC00081E5B /* Account.swift in Sources */ = {isa = PBXBuildFile; fileRef = FF7E3B741FEB8ECC00081E5B /* Account.swift */; };
		FF7E3B771FEB8F3300081E5B /* AccountType.swift in Sources */ = {isa = PBXBuildFile; fileRef = FF7E3B761FEB8F3300081E5B /* AccountType.swift */; };
		FF7E3B791FEB906700081E5B /* ProductType.swift in Sources */ = {isa = PBXBuildFile; fileRef = FF7E3B781FEB906700081E5B /* ProductType.swift */; };
		FF7E3B7B1FEB90FD00081E5B /* Product.swift in Sources */ = {isa = PBXBuildFile; fileRef = FF7E3B7A1FEB90FD00081E5B /* Product.swift */; };
		FFC5C6B61FECE043007C50BF /* HTTPStatusCode.swift in Sources */ = {isa = PBXBuildFile; fileRef = FFC5C6B51FECE043007C50BF /* HTTPStatusCode.swift */; };
		FFC5C6B81FECECCA007C50BF /* FetchAccountsResponse.swift in Sources */ = {isa = PBXBuildFile; fileRef = FFC5C6B71FECECCA007C50BF /* FetchAccountsResponse.swift */; };
		FFCFE0DB1FEB9AEE00022493 /* AccountServiceProtocol.swift in Sources */ = {isa = PBXBuildFile; fileRef = FFCFE0DA1FEB9AEE00022493 /* AccountServiceProtocol.swift */; };
		FFCFE0DD1FEB9AFF00022493 /* AccountService.swift in Sources */ = {isa = PBXBuildFile; fileRef = FFCFE0DC1FEB9AFF00022493 /* AccountService.swift */; };
		FFCFE0DF1FEB9BAF00022493 /* Service.swift in Sources */ = {isa = PBXBuildFile; fileRef = FFCFE0DE1FEB9BAF00022493 /* Service.swift */; };
		FFCFE0E11FEB9BC900022493 /* ServiceProvider.swift in Sources */ = {isa = PBXBuildFile; fileRef = FFCFE0E01FEB9BC900022493 /* ServiceProvider.swift */; };
		FFCFE0E61FEBA58000022493 /* AccountListViewController.swift in Sources */ = {isa = PBXBuildFile; fileRef = FFCFE0E51FEBA58000022493 /* AccountListViewController.swift */; };
		FFCFE0E81FEBA58B00022493 /* AccountListViewModel.swift in Sources */ = {isa = PBXBuildFile; fileRef = FFCFE0E71FEBA58B00022493 /* AccountListViewModel.swift */; };
		FFCFE0EA1FEBA72300022493 /* AccountFetchingOptions.swift in Sources */ = {isa = PBXBuildFile; fileRef = FFCFE0E91FEBA72300022493 /* AccountFetchingOptions.swift */; };
		FFCFE0ED1FEBCBA900022493 /* StandardErrorCell.swift in Sources */ = {isa = PBXBuildFile; fileRef = FFCFE0EC1FEBCBA900022493 /* StandardErrorCell.swift */; };
		FFCFE0EF1FEBCBF600022493 /* StandardErrorCell.xib in Resources */ = {isa = PBXBuildFile; fileRef = FFCFE0EE1FEBCBF600022493 /* StandardErrorCell.xib */; };
		FFCFE0F11FEBCCBA00022493 /* StandardErrorCellViewModel.swift in Sources */ = {isa = PBXBuildFile; fileRef = FFCFE0F01FEBCCBA00022493 /* StandardErrorCellViewModel.swift */; };
		FFD687441FEBD40A00E0A464 /* DataLoadingCell.swift in Sources */ = {isa = PBXBuildFile; fileRef = FFCFE0F41FEBD07E00022493 /* DataLoadingCell.swift */; };
		FFD687451FEBD40E00E0A464 /* DataLoadingCellViewModel.swift in Sources */ = {isa = PBXBuildFile; fileRef = FFCFE0F51FEBD07F00022493 /* DataLoadingCellViewModel.swift */; };
		FFD687481FEBD51D00E0A464 /* AccountCell.swift in Sources */ = {isa = PBXBuildFile; fileRef = FFD687471FEBD51D00E0A464 /* AccountCell.swift */; };
		FFD6874A1FEBD56A00E0A464 /* AccountCell.xib in Resources */ = {isa = PBXBuildFile; fileRef = FFD687491FEBD56A00E0A464 /* AccountCell.xib */; };
		FFD6874C1FEBD5D100E0A464 /* AccountCellViewModel.swift in Sources */ = {isa = PBXBuildFile; fileRef = FFD6874B1FEBD5D100E0A464 /* AccountCellViewModel.swift */; };
		FFD6874E1FEBDFAB00E0A464 /* ApplicationError.swift in Sources */ = {isa = PBXBuildFile; fileRef = FFD6874D1FEBDFAB00E0A464 /* ApplicationError.swift */; };
		FFD687511FEBE1AB00E0A464 /* NoResultsCell.swift in Sources */ = {isa = PBXBuildFile; fileRef = FFD687501FEBE1AB00E0A464 /* NoResultsCell.swift */; };
		FFD687531FEBE1EC00E0A464 /* NoResultsCellViewModel.swift in Sources */ = {isa = PBXBuildFile; fileRef = FFD687521FEBE1EC00E0A464 /* NoResultsCellViewModel.swift */; };
		FFD687551FEBE23300E0A464 /* NoResultsCell.xib in Resources */ = {isa = PBXBuildFile; fileRef = FFD687541FEBE23300E0A464 /* NoResultsCell.xib */; };
		FFD687571FEBE34F00E0A464 /* AccountTypeHeaderView.swift in Sources */ = {isa = PBXBuildFile; fileRef = FFD687561FEBE34F00E0A464 /* AccountTypeHeaderView.swift */; };
		FFD687591FEBE3B000E0A464 /* AccountTypeHeaderViewModel.swift in Sources */ = {isa = PBXBuildFile; fileRef = FFD687581FEBE3B000E0A464 /* AccountTypeHeaderViewModel.swift */; };
		FFD6875B1FEBE46000E0A464 /* AccountTypeHeaderView.xib in Resources */ = {isa = PBXBuildFile; fileRef = FFD6875A1FEBE46000E0A464 /* AccountTypeHeaderView.xib */; };
		FFD6875D1FEBEBF300E0A464 /* DataLoadingCell.xib in Resources */ = {isa = PBXBuildFile; fileRef = FFD6875C1FEBEBF300E0A464 /* DataLoadingCell.xib */; };
		FFD6875F1FEBF4FB00E0A464 /* FileDataService.swift in Sources */ = {isa = PBXBuildFile; fileRef = FFD6875E1FEBF4FB00E0A464 /* FileDataService.swift */; };
		FFD687611FEBF7C500E0A464 /* Datasource.txt in Resources */ = {isa = PBXBuildFile; fileRef = FFD687601FEBF61000E0A464 /* Datasource.txt */; };
		FFD687641FEC7E6500E0A464 /* DataServiceProtocol.swift in Sources */ = {isa = PBXBuildFile; fileRef = FFD687631FEC7E6500E0A464 /* DataServiceProtocol.swift */; };
		FFD687661FEC809700E0A464 /* JSONConverter.swift in Sources */ = {isa = PBXBuildFile; fileRef = FFD687651FEC809700E0A464 /* JSONConverter.swift */; };
		FFDF1EAD1FED0A2C004861F1 /* main.swift in Sources */ = {isa = PBXBuildFile; fileRef = FFDF1EAC1FED0A2C004861F1 /* main.swift */; };
		FFDF1EB01FED0A80004861F1 /* TestingAppDelegate.swift in Sources */ = {isa = PBXBuildFile; fileRef = FFDF1EAF1FED0A80004861F1 /* TestingAppDelegate.swift */; };
		FFDF1EB21FED0A99004861F1 /* Testing.storyboard in Resources */ = {isa = PBXBuildFile; fileRef = FFDF1EB11FED0A99004861F1 /* Testing.storyboard */; };
		FFDF1EB51FED0B97004861F1 /* AccountListViewModelTests.swift in Sources */ = {isa = PBXBuildFile; fileRef = FFDF1EB41FED0B97004861F1 /* AccountListViewModelTests.swift */; };
		FFDF1EB61FED0BF1004861F1 /* Service.swift in Sources */ = {isa = PBXBuildFile; fileRef = FFCFE0DE1FEB9BAF00022493 /* Service.swift */; };
		FFDF1EB71FED0BF4004861F1 /* ServiceProvider.swift in Sources */ = {isa = PBXBuildFile; fileRef = FFCFE0E01FEB9BC900022493 /* ServiceProvider.swift */; };
		FFDF1EB81FED0BF7004861F1 /* DataServiceProtocol.swift in Sources */ = {isa = PBXBuildFile; fileRef = FFD687631FEC7E6500E0A464 /* DataServiceProtocol.swift */; };
		FFDF1EB91FED0BFD004861F1 /* AccountFetchingOptions.swift in Sources */ = {isa = PBXBuildFile; fileRef = FFCFE0E91FEBA72300022493 /* AccountFetchingOptions.swift */; };
		FFDF1EBA1FED0BFF004861F1 /* AccountServiceProtocol.swift in Sources */ = {isa = PBXBuildFile; fileRef = FFCFE0DA1FEB9AEE00022493 /* AccountServiceProtocol.swift */; };
		FFDF1EBB1FED0C02004861F1 /* AccountService.swift in Sources */ = {isa = PBXBuildFile; fileRef = FFCFE0DC1FEB9AFF00022493 /* AccountService.swift */; };
		FFDF1EBC1FED0C0C004861F1 /* HTTPStatusCode.swift in Sources */ = {isa = PBXBuildFile; fileRef = FFC5C6B51FECE043007C50BF /* HTTPStatusCode.swift */; };
		FFDF1EBD1FED0C0F004861F1 /* ApplicationError.swift in Sources */ = {isa = PBXBuildFile; fileRef = FFD6874D1FEBDFAB00E0A464 /* ApplicationError.swift */; };
		FFDF1EBE1FED0C11004861F1 /* Currency.swift in Sources */ = {isa = PBXBuildFile; fileRef = FF7E3B721FEB8EA800081E5B /* Currency.swift */; };
		FFDF1EBF1FED0C14004861F1 /* FetchAccountsResponse.swift in Sources */ = {isa = PBXBuildFile; fileRef = FFC5C6B71FECECCA007C50BF /* FetchAccountsResponse.swift */; };
		FFDF1EC01FED0C18004861F1 /* ProductType.swift in Sources */ = {isa = PBXBuildFile; fileRef = FF7E3B781FEB906700081E5B /* ProductType.swift */; };
		FFDF1EC11FED0C1B004861F1 /* Product.swift in Sources */ = {isa = PBXBuildFile; fileRef = FF7E3B7A1FEB90FD00081E5B /* Product.swift */; };
		FFDF1EC21FED0C1E004861F1 /* AccountType.swift in Sources */ = {isa = PBXBuildFile; fileRef = FF7E3B761FEB8F3300081E5B /* AccountType.swift */; };
		FFDF1EC31FED0C21004861F1 /* Account.swift in Sources */ = {isa = PBXBuildFile; fileRef = FF7E3B741FEB8ECC00081E5B /* Account.swift */; };
		FFDF1EC41FED0C2E004861F1 /* AccountListViewModel.swift in Sources */ = {isa = PBXBuildFile; fileRef = FFCFE0E71FEBA58B00022493 /* AccountListViewModel.swift */; };
		FFDF1EC51FED0C4F004861F1 /* FileDataService.swift in Sources */ = {isa = PBXBuildFile; fileRef = FFD6875E1FEBF4FB00E0A464 /* FileDataService.swift */; };
		FFDF1EC61FED0C5B004861F1 /* JSONConverter.swift in Sources */ = {isa = PBXBuildFile; fileRef = FFD687651FEC809700E0A464 /* JSONConverter.swift */; };
		FFDF1EC91FED0D64004861F1 /* DelegateMockBase.swift in Sources */ = {isa = PBXBuildFile; fileRef = FFDF1EC81FED0D64004861F1 /* DelegateMockBase.swift */; };
/* End PBXBuildFile section */

/* Begin PBXContainerItemProxy section */
		FF57CD3B1FEB86DD008B5D04 /* PBXContainerItemProxy */ = {
			isa = PBXContainerItemProxy;
			containerPortal = FF57CD1E1FEB86DD008B5D04 /* Project object */;
			proxyType = 1;
			remoteGlobalIDString = FF57CD251FEB86DD008B5D04;
			remoteInfo = Accounts;
		};
		FF57CD451FEB86DD008B5D04 /* PBXContainerItemProxy */ = {
			isa = PBXContainerItemProxy;
			containerPortal = FF57CD1E1FEB86DD008B5D04 /* Project object */;
			proxyType = 1;
			remoteGlobalIDString = FF57CD421FEB86DD008B5D04;
			remoteInfo = "Accounts WatchKit App";
		};
		FF57CD541FEB86DD008B5D04 /* PBXContainerItemProxy */ = {
			isa = PBXContainerItemProxy;
			containerPortal = FF57CD1E1FEB86DD008B5D04 /* Project object */;
			proxyType = 1;
			remoteGlobalIDString = FF57CD511FEB86DD008B5D04;
			remoteInfo = "Accounts WatchKit Extension";
		};
/* End PBXContainerItemProxy section */

/* Begin PBXCopyFilesBuildPhase section */
		FF57CD661FEB86DD008B5D04 /* Embed App Extensions */ = {
			isa = PBXCopyFilesBuildPhase;
			buildActionMask = 2147483647;
			dstPath = "";
			dstSubfolderSpec = 13;
			files = (
				FF57CD531FEB86DD008B5D04 /* Accounts WatchKit Extension.appex in Embed App Extensions */,
			);
			name = "Embed App Extensions";
			runOnlyForDeploymentPostprocessing = 0;
		};
		FF57CD6A1FEB86DD008B5D04 /* Embed Watch Content */ = {
			isa = PBXCopyFilesBuildPhase;
			buildActionMask = 2147483647;
			dstPath = "$(CONTENTS_FOLDER_PATH)/Watch";
			dstSubfolderSpec = 16;
			files = (
				FF57CD441FEB86DD008B5D04 /* Accounts WatchKit App.app in Embed Watch Content */,
			);
			name = "Embed Watch Content";
			runOnlyForDeploymentPostprocessing = 0;
		};
/* End PBXCopyFilesBuildPhase section */

/* Begin PBXFileReference section */
		101C11A9563C146F1B1F3462 /* Pods-Accounts.debug.xcconfig */ = {isa = PBXFileReference; includeInIndex = 1; lastKnownFileType = text.xcconfig; name = "Pods-Accounts.debug.xcconfig"; path = "Pods/Target Support Files/Pods-Accounts/Pods-Accounts.debug.xcconfig"; sourceTree = "<group>"; };
		5F3540CAFD09C28BEEFF4771 /* Pods_Accounts.framework */ = {isa = PBXFileReference; explicitFileType = wrapper.framework; includeInIndex = 0; path = Pods_Accounts.framework; sourceTree = BUILT_PRODUCTS_DIR; };
		7EAAF9E673B7786CEF3A2C53 /* Pods_AccountsTests.framework */ = {isa = PBXFileReference; explicitFileType = wrapper.framework; includeInIndex = 0; path = Pods_AccountsTests.framework; sourceTree = BUILT_PRODUCTS_DIR; };
		AEC2580E35A9B3B38F9E1C4B /* Pods-AccountsTests.debug.xcconfig */ = {isa = PBXFileReference; includeInIndex = 1; lastKnownFileType = text.xcconfig; name = "Pods-AccountsTests.debug.xcconfig"; path = "Pods/Target Support Files/Pods-AccountsTests/Pods-AccountsTests.debug.xcconfig"; sourceTree = "<group>"; };
		D84FB3A8BDA082E885985724 /* Pods-Accounts.release.xcconfig */ = {isa = PBXFileReference; includeInIndex = 1; lastKnownFileType = text.xcconfig; name = "Pods-Accounts.release.xcconfig"; path = "Pods/Target Support Files/Pods-Accounts/Pods-Accounts.release.xcconfig"; sourceTree = "<group>"; };
		E8D188F1C062661E1CE85C49 /* Pods-AccountsTests.release.xcconfig */ = {isa = PBXFileReference; includeInIndex = 1; lastKnownFileType = text.xcconfig; name = "Pods-AccountsTests.release.xcconfig"; path = "Pods/Target Support Files/Pods-AccountsTests/Pods-AccountsTests.release.xcconfig"; sourceTree = "<group>"; };
		FF57CD261FEB86DD008B5D04 /* Accounts.app */ = {isa = PBXFileReference; explicitFileType = wrapper.application; includeInIndex = 0; path = Accounts.app; sourceTree = BUILT_PRODUCTS_DIR; };
		FF57CD291FEB86DD008B5D04 /* AppDelegate.swift */ = {isa = PBXFileReference; lastKnownFileType = sourcecode.swift; path = AppDelegate.swift; sourceTree = "<group>"; };
		FF57CD2E1FEB86DD008B5D04 /* Base */ = {isa = PBXFileReference; lastKnownFileType = file.storyboard; name = Base; path = Base.lproj/Main.storyboard; sourceTree = "<group>"; };
		FF57CD301FEB86DD008B5D04 /* Assets.xcassets */ = {isa = PBXFileReference; lastKnownFileType = folder.assetcatalog; path = Assets.xcassets; sourceTree = "<group>"; };
		FF57CD331FEB86DD008B5D04 /* Base */ = {isa = PBXFileReference; lastKnownFileType = file.storyboard; name = Base; path = Base.lproj/LaunchScreen.storyboard; sourceTree = "<group>"; };
		FF57CD351FEB86DD008B5D04 /* Info.plist */ = {isa = PBXFileReference; lastKnownFileType = text.plist.xml; path = Info.plist; sourceTree = "<group>"; };
		FF57CD3A1FEB86DD008B5D04 /* AccountsTests.xctest */ = {isa = PBXFileReference; explicitFileType = wrapper.cfbundle; includeInIndex = 0; path = AccountsTests.xctest; sourceTree = BUILT_PRODUCTS_DIR; };
		FF57CD401FEB86DD008B5D04 /* Info.plist */ = {isa = PBXFileReference; lastKnownFileType = text.plist.xml; path = Info.plist; sourceTree = "<group>"; };
		FF57CD431FEB86DD008B5D04 /* Accounts WatchKit App.app */ = {isa = PBXFileReference; explicitFileType = wrapper.application; includeInIndex = 0; path = "Accounts WatchKit App.app"; sourceTree = BUILT_PRODUCTS_DIR; };
		FF57CD491FEB86DD008B5D04 /* Base */ = {isa = PBXFileReference; lastKnownFileType = file.storyboard; name = Base; path = Base.lproj/Interface.storyboard; sourceTree = "<group>"; };
		FF57CD4B1FEB86DD008B5D04 /* Assets.xcassets */ = {isa = PBXFileReference; lastKnownFileType = folder.assetcatalog; path = Assets.xcassets; sourceTree = "<group>"; };
		FF57CD4D1FEB86DD008B5D04 /* Info.plist */ = {isa = PBXFileReference; lastKnownFileType = text.plist.xml; path = Info.plist; sourceTree = "<group>"; };
		FF57CD521FEB86DD008B5D04 /* Accounts WatchKit Extension.appex */ = {isa = PBXFileReference; explicitFileType = "wrapper.app-extension"; includeInIndex = 0; path = "Accounts WatchKit Extension.appex"; sourceTree = BUILT_PRODUCTS_DIR; };
		FF57CD571FEB86DD008B5D04 /* InterfaceController.swift */ = {isa = PBXFileReference; lastKnownFileType = sourcecode.swift; path = InterfaceController.swift; sourceTree = "<group>"; };
		FF57CD591FEB86DD008B5D04 /* ExtensionDelegate.swift */ = {isa = PBXFileReference; lastKnownFileType = sourcecode.swift; path = ExtensionDelegate.swift; sourceTree = "<group>"; };
		FF57CD5B1FEB86DD008B5D04 /* NotificationController.swift */ = {isa = PBXFileReference; lastKnownFileType = sourcecode.swift; path = NotificationController.swift; sourceTree = "<group>"; };
		FF57CD5D1FEB86DD008B5D04 /* Assets.xcassets */ = {isa = PBXFileReference; lastKnownFileType = folder.assetcatalog; path = Assets.xcassets; sourceTree = "<group>"; };
		FF57CD5F1FEB86DD008B5D04 /* Info.plist */ = {isa = PBXFileReference; lastKnownFileType = text.plist.xml; path = Info.plist; sourceTree = "<group>"; };
		FF57CD601FEB86DD008B5D04 /* PushNotificationPayload.apns */ = {isa = PBXFileReference; lastKnownFileType = text; path = PushNotificationPayload.apns; sourceTree = "<group>"; };
		FF7E3B721FEB8EA800081E5B /* Currency.swift */ = {isa = PBXFileReference; lastKnownFileType = sourcecode.swift; path = Currency.swift; sourceTree = "<group>"; };
		FF7E3B741FEB8ECC00081E5B /* Account.swift */ = {isa = PBXFileReference; lastKnownFileType = sourcecode.swift; path = Account.swift; sourceTree = "<group>"; };
		FF7E3B761FEB8F3300081E5B /* AccountType.swift */ = {isa = PBXFileReference; lastKnownFileType = sourcecode.swift; path = AccountType.swift; sourceTree = "<group>"; };
		FF7E3B781FEB906700081E5B /* ProductType.swift */ = {isa = PBXFileReference; lastKnownFileType = sourcecode.swift; path = ProductType.swift; sourceTree = "<group>"; };
		FF7E3B7A1FEB90FD00081E5B /* Product.swift */ = {isa = PBXFileReference; lastKnownFileType = sourcecode.swift; path = Product.swift; sourceTree = "<group>"; };
		FFC5C6B51FECE043007C50BF /* HTTPStatusCode.swift */ = {isa = PBXFileReference; lastKnownFileType = sourcecode.swift; path = HTTPStatusCode.swift; sourceTree = "<group>"; };
		FFC5C6B71FECECCA007C50BF /* FetchAccountsResponse.swift */ = {isa = PBXFileReference; lastKnownFileType = sourcecode.swift; path = FetchAccountsResponse.swift; sourceTree = "<group>"; };
		FFCFE0DA1FEB9AEE00022493 /* AccountServiceProtocol.swift */ = {isa = PBXFileReference; lastKnownFileType = sourcecode.swift; path = AccountServiceProtocol.swift; sourceTree = "<group>"; };
		FFCFE0DC1FEB9AFF00022493 /* AccountService.swift */ = {isa = PBXFileReference; lastKnownFileType = sourcecode.swift; path = AccountService.swift; sourceTree = "<group>"; };
		FFCFE0DE1FEB9BAF00022493 /* Service.swift */ = {isa = PBXFileReference; lastKnownFileType = sourcecode.swift; path = Service.swift; sourceTree = "<group>"; };
		FFCFE0E01FEB9BC900022493 /* ServiceProvider.swift */ = {isa = PBXFileReference; lastKnownFileType = sourcecode.swift; path = ServiceProvider.swift; sourceTree = "<group>"; };
		FFCFE0E51FEBA58000022493 /* AccountListViewController.swift */ = {isa = PBXFileReference; lastKnownFileType = sourcecode.swift; path = AccountListViewController.swift; sourceTree = "<group>"; };
		FFCFE0E71FEBA58B00022493 /* AccountListViewModel.swift */ = {isa = PBXFileReference; lastKnownFileType = sourcecode.swift; path = AccountListViewModel.swift; sourceTree = "<group>"; };
		FFCFE0E91FEBA72300022493 /* AccountFetchingOptions.swift */ = {isa = PBXFileReference; lastKnownFileType = sourcecode.swift; path = AccountFetchingOptions.swift; sourceTree = "<group>"; };
		FFCFE0EC1FEBCBA900022493 /* StandardErrorCell.swift */ = {isa = PBXFileReference; lastKnownFileType = sourcecode.swift; path = StandardErrorCell.swift; sourceTree = "<group>"; };
		FFCFE0EE1FEBCBF600022493 /* StandardErrorCell.xib */ = {isa = PBXFileReference; lastKnownFileType = file.xib; path = StandardErrorCell.xib; sourceTree = "<group>"; };
		FFCFE0F01FEBCCBA00022493 /* StandardErrorCellViewModel.swift */ = {isa = PBXFileReference; lastKnownFileType = sourcecode.swift; path = StandardErrorCellViewModel.swift; sourceTree = "<group>"; };
		FFCFE0F41FEBD07E00022493 /* DataLoadingCell.swift */ = {isa = PBXFileReference; lastKnownFileType = sourcecode.swift; path = DataLoadingCell.swift; sourceTree = "<group>"; };
		FFCFE0F51FEBD07F00022493 /* DataLoadingCellViewModel.swift */ = {isa = PBXFileReference; lastKnownFileType = sourcecode.swift; path = DataLoadingCellViewModel.swift; sourceTree = "<group>"; };
		FFD687471FEBD51D00E0A464 /* AccountCell.swift */ = {isa = PBXFileReference; lastKnownFileType = sourcecode.swift; path = AccountCell.swift; sourceTree = "<group>"; };
		FFD687491FEBD56A00E0A464 /* AccountCell.xib */ = {isa = PBXFileReference; lastKnownFileType = file.xib; path = AccountCell.xib; sourceTree = "<group>"; };
		FFD6874B1FEBD5D100E0A464 /* AccountCellViewModel.swift */ = {isa = PBXFileReference; lastKnownFileType = sourcecode.swift; path = AccountCellViewModel.swift; sourceTree = "<group>"; };
		FFD6874D1FEBDFAB00E0A464 /* ApplicationError.swift */ = {isa = PBXFileReference; lastKnownFileType = sourcecode.swift; path = ApplicationError.swift; sourceTree = "<group>"; };
		FFD687501FEBE1AB00E0A464 /* NoResultsCell.swift */ = {isa = PBXFileReference; lastKnownFileType = sourcecode.swift; path = NoResultsCell.swift; sourceTree = "<group>"; };
		FFD687521FEBE1EC00E0A464 /* NoResultsCellViewModel.swift */ = {isa = PBXFileReference; lastKnownFileType = sourcecode.swift; path = NoResultsCellViewModel.swift; sourceTree = "<group>"; };
		FFD687541FEBE23300E0A464 /* NoResultsCell.xib */ = {isa = PBXFileReference; lastKnownFileType = file.xib; path = NoResultsCell.xib; sourceTree = "<group>"; };
		FFD687561FEBE34F00E0A464 /* AccountTypeHeaderView.swift */ = {isa = PBXFileReference; lastKnownFileType = sourcecode.swift; path = AccountTypeHeaderView.swift; sourceTree = "<group>"; };
		FFD687581FEBE3B000E0A464 /* AccountTypeHeaderViewModel.swift */ = {isa = PBXFileReference; lastKnownFileType = sourcecode.swift; path = AccountTypeHeaderViewModel.swift; sourceTree = "<group>"; };
		FFD6875A1FEBE46000E0A464 /* AccountTypeHeaderView.xib */ = {isa = PBXFileReference; lastKnownFileType = file.xib; path = AccountTypeHeaderView.xib; sourceTree = "<group>"; };
		FFD6875C1FEBEBF300E0A464 /* DataLoadingCell.xib */ = {isa = PBXFileReference; lastKnownFileType = file.xib; path = DataLoadingCell.xib; sourceTree = "<group>"; };
		FFD6875E1FEBF4FB00E0A464 /* FileDataService.swift */ = {isa = PBXFileReference; lastKnownFileType = sourcecode.swift; path = FileDataService.swift; sourceTree = "<group>"; };
		FFD687601FEBF61000E0A464 /* Datasource.txt */ = {isa = PBXFileReference; lastKnownFileType = text; path = Datasource.txt; sourceTree = "<group>"; };
		FFD687631FEC7E6500E0A464 /* DataServiceProtocol.swift */ = {isa = PBXFileReference; lastKnownFileType = sourcecode.swift; path = DataServiceProtocol.swift; sourceTree = "<group>"; };
		FFD687651FEC809700E0A464 /* JSONConverter.swift */ = {isa = PBXFileReference; lastKnownFileType = sourcecode.swift; path = JSONConverter.swift; sourceTree = "<group>"; };
		FFDF1EAC1FED0A2C004861F1 /* main.swift */ = {isa = PBXFileReference; lastKnownFileType = sourcecode.swift; path = main.swift; sourceTree = "<group>"; };
		FFDF1EAF1FED0A80004861F1 /* TestingAppDelegate.swift */ = {isa = PBXFileReference; lastKnownFileType = sourcecode.swift; path = TestingAppDelegate.swift; sourceTree = "<group>"; };
		FFDF1EB11FED0A99004861F1 /* Testing.storyboard */ = {isa = PBXFileReference; lastKnownFileType = file.storyboard; path = Testing.storyboard; sourceTree = "<group>"; };
		FFDF1EB41FED0B97004861F1 /* AccountListViewModelTests.swift */ = {isa = PBXFileReference; lastKnownFileType = sourcecode.swift; path = AccountListViewModelTests.swift; sourceTree = "<group>"; };
		FFDF1EC81FED0D64004861F1 /* DelegateMockBase.swift */ = {isa = PBXFileReference; lastKnownFileType = sourcecode.swift; path = DelegateMockBase.swift; sourceTree = "<group>"; };
/* End PBXFileReference section */

/* Begin PBXFrameworksBuildPhase section */
		6F85B1AAA68D6C4140D3F69E /* Frameworks */ = {
			isa = PBXFrameworksBuildPhase;
			buildActionMask = 2147483647;
			files = (
			);
			runOnlyForDeploymentPostprocessing = 0;
		};
		FF57CD231FEB86DD008B5D04 /* Frameworks */ = {
			isa = PBXFrameworksBuildPhase;
			buildActionMask = 2147483647;
			files = (
				BB62A67F0F9ECCBED33C5E2C /* Pods_Accounts.framework in Frameworks */,
			);
			runOnlyForDeploymentPostprocessing = 0;
		};
		FF57CD371FEB86DD008B5D04 /* Frameworks */ = {
			isa = PBXFrameworksBuildPhase;
			buildActionMask = 2147483647;
			files = (
				68752A66D23F667284544E3D /* Pods_AccountsTests.framework in Frameworks */,
			);
			runOnlyForDeploymentPostprocessing = 0;
		};
		FF57CD4F1FEB86DD008B5D04 /* Frameworks */ = {
			isa = PBXFrameworksBuildPhase;
			buildActionMask = 2147483647;
			files = (
			);
			runOnlyForDeploymentPostprocessing = 0;
		};
/* End PBXFrameworksBuildPhase section */

/* Begin PBXGroup section */
		355784208CDAA9F0D9395C81 /* Frameworks */ = {
			isa = PBXGroup;
			children = (
				5F3540CAFD09C28BEEFF4771 /* Pods_Accounts.framework */,
				7EAAF9E673B7786CEF3A2C53 /* Pods_AccountsTests.framework */,
			);
			name = Frameworks;
			sourceTree = "<group>";
		};
		A0131BAC955BEFEF3AA9CEF2 /* Pods */ = {
			isa = PBXGroup;
			children = (
				101C11A9563C146F1B1F3462 /* Pods-Accounts.debug.xcconfig */,
				D84FB3A8BDA082E885985724 /* Pods-Accounts.release.xcconfig */,
				AEC2580E35A9B3B38F9E1C4B /* Pods-AccountsTests.debug.xcconfig */,
				E8D188F1C062661E1CE85C49 /* Pods-AccountsTests.release.xcconfig */,
			);
			name = Pods;
			sourceTree = "<group>";
		};
		FF57CD1D1FEB86DD008B5D04 = {
			isa = PBXGroup;
			children = (
				FF57CD281FEB86DD008B5D04 /* Accounts */,
				FF57CD3D1FEB86DD008B5D04 /* AccountsTests */,
				FF57CD471FEB86DD008B5D04 /* Accounts WatchKit App */,
				FF57CD561FEB86DD008B5D04 /* Accounts WatchKit Extension */,
				FF57CD271FEB86DD008B5D04 /* Products */,
				A0131BAC955BEFEF3AA9CEF2 /* Pods */,
				355784208CDAA9F0D9395C81 /* Frameworks */,
			);
			sourceTree = "<group>";
		};
		FF57CD271FEB86DD008B5D04 /* Products */ = {
			isa = PBXGroup;
			children = (
				FF57CD261FEB86DD008B5D04 /* Accounts.app */,
				FF57CD3A1FEB86DD008B5D04 /* AccountsTests.xctest */,
				FF57CD431FEB86DD008B5D04 /* Accounts WatchKit App.app */,
				FF57CD521FEB86DD008B5D04 /* Accounts WatchKit Extension.appex */,
			);
			name = Products;
			sourceTree = "<group>";
		};
		FF57CD281FEB86DD008B5D04 /* Accounts */ = {
			isa = PBXGroup;
			children = (
				FF57CD711FEB8819008B5D04 /* Application */,
				FF7E3B711FEB88AE00081E5B /* Model */,
				FF57CD741FEB884B008B5D04 /* UI */,
			);
			path = Accounts;
			sourceTree = "<group>";
		};
		FF57CD3D1FEB86DD008B5D04 /* AccountsTests */ = {
			isa = PBXGroup;
			children = (
				FFDF1EC71FED0D4C004861F1 /* Common */,
				FFDF1EAE1FED0A70004861F1 /* Auxiliary */,
				FFDF1EB31FED0B74004861F1 /* AccountListViewModel Tests */,
			);
			path = AccountsTests;
			sourceTree = "<group>";
		};
		FF57CD471FEB86DD008B5D04 /* Accounts WatchKit App */ = {
			isa = PBXGroup;
			children = (
				FF57CD481FEB86DD008B5D04 /* Interface.storyboard */,
				FF57CD4B1FEB86DD008B5D04 /* Assets.xcassets */,
				FF57CD4D1FEB86DD008B5D04 /* Info.plist */,
			);
			path = "Accounts WatchKit App";
			sourceTree = "<group>";
		};
		FF57CD561FEB86DD008B5D04 /* Accounts WatchKit Extension */ = {
			isa = PBXGroup;
			children = (
				FF57CD571FEB86DD008B5D04 /* InterfaceController.swift */,
				FF57CD591FEB86DD008B5D04 /* ExtensionDelegate.swift */,
				FF57CD5B1FEB86DD008B5D04 /* NotificationController.swift */,
				FF57CD5D1FEB86DD008B5D04 /* Assets.xcassets */,
				FF57CD5F1FEB86DD008B5D04 /* Info.plist */,
				FF57CD601FEB86DD008B5D04 /* PushNotificationPayload.apns */,
			);
			path = "Accounts WatchKit Extension";
			sourceTree = "<group>";
		};
		FF57CD711FEB8819008B5D04 /* Application */ = {
			isa = PBXGroup;
			children = (
				FF57CD291FEB86DD008B5D04 /* AppDelegate.swift */,
				FFDF1EAC1FED0A2C004861F1 /* main.swift */,
				FF57CD731FEB882D008B5D04 /* Resources */,
				FF57CD721FEB8825008B5D04 /* Services */,
			);
			name = Application;
			sourceTree = "<group>";
		};
		FF57CD721FEB8825008B5D04 /* Services */ = {
			isa = PBXGroup;
			children = (
				FFCFE0DE1FEB9BAF00022493 /* Service.swift */,
				FFCFE0E01FEB9BC900022493 /* ServiceProvider.swift */,
				FFD687621FEC7E4400E0A464 /* DataService */,
				FFCFE0D91FEB9ABC00022493 /* Account */,
			);
			name = Services;
			sourceTree = "<group>";
		};
		FF57CD731FEB882D008B5D04 /* Resources */ = {
			isa = PBXGroup;
			children = (
				FF57CD301FEB86DD008B5D04 /* Assets.xcassets */,
				FF57CD351FEB86DD008B5D04 /* Info.plist */,
				FFD687601FEBF61000E0A464 /* Datasource.txt */,
			);
			name = Resources;
			sourceTree = "<group>";
		};
		FF57CD741FEB884B008B5D04 /* UI */ = {
			isa = PBXGroup;
			children = (
				FF57CD761FEB8863008B5D04 /* Theme */,
				FF57CD751FEB8851008B5D04 /* Storyboards */,
				FF57CD771FEB8877008B5D04 /* Scenes */,
			);
			name = UI;
			sourceTree = "<group>";
		};
		FF57CD751FEB8851008B5D04 /* Storyboards */ = {
			isa = PBXGroup;
			children = (
				FF57CD2D1FEB86DD008B5D04 /* Main.storyboard */,
				FF57CD321FEB86DD008B5D04 /* LaunchScreen.storyboard */,
			);
			name = Storyboards;
			sourceTree = "<group>";
		};
		FF57CD761FEB8863008B5D04 /* Theme */ = {
			isa = PBXGroup;
			children = (
			);
			name = Theme;
			sourceTree = "<group>";
		};
		FF57CD771FEB8877008B5D04 /* Scenes */ = {
			isa = PBXGroup;
			children = (
				FFCFE0EB1FEBCB9300022493 /* Common */,
				FFCFE0E41FEBA56600022493 /* Account List */,
			);
			name = Scenes;
			sourceTree = "<group>";
		};
		FF7E3B711FEB88AE00081E5B /* Model */ = {
			isa = PBXGroup;
			children = (
				FFC5C6B51FECE043007C50BF /* HTTPStatusCode.swift */,
				FFD6874D1FEBDFAB00E0A464 /* ApplicationError.swift */,
				FF7E3B721FEB8EA800081E5B /* Currency.swift */,
				FFC5C6B71FECECCA007C50BF /* FetchAccountsResponse.swift */,
				FF7E3B7D1FEB98F000081E5B /* Product */,
				FF7E3B7C1FEB98E500081E5B /* Account */,
			);
			name = Model;
			sourceTree = "<group>";
		};
		FF7E3B7C1FEB98E500081E5B /* Account */ = {
			isa = PBXGroup;
			children = (
				FF7E3B761FEB8F3300081E5B /* AccountType.swift */,
				FF7E3B741FEB8ECC00081E5B /* Account.swift */,
			);
			name = Account;
			sourceTree = "<group>";
		};
		FF7E3B7D1FEB98F000081E5B /* Product */ = {
			isa = PBXGroup;
			children = (
				FF7E3B781FEB906700081E5B /* ProductType.swift */,
				FF7E3B7A1FEB90FD00081E5B /* Product.swift */,
			);
			name = Product;
			sourceTree = "<group>";
		};
		FFCFE0D91FEB9ABC00022493 /* Account */ = {
			isa = PBXGroup;
			children = (
				FFCFE0E91FEBA72300022493 /* AccountFetchingOptions.swift */,
				FFCFE0DA1FEB9AEE00022493 /* AccountServiceProtocol.swift */,
				FFCFE0DC1FEB9AFF00022493 /* AccountService.swift */,
			);
			name = Account;
			sourceTree = "<group>";
		};
		FFCFE0E41FEBA56600022493 /* Account List */ = {
			isa = PBXGroup;
			children = (
				FFD687461FEBD4E800E0A464 /* Views */,
				FFCFE0E51FEBA58000022493 /* AccountListViewController.swift */,
				FFCFE0E71FEBA58B00022493 /* AccountListViewModel.swift */,
			);
			name = "Account List";
			sourceTree = "<group>";
		};
		FFCFE0EB1FEBCB9300022493 /* Common */ = {
			isa = PBXGroup;
			children = (
				FFD6874F1FEBE18500E0A464 /* No Results Cell */,
				FFCFE0F31FEBD00900022493 /* Data Loading Cell */,
				FFCFE0F21FEBCFF500022493 /* Error Cell */,
			);
			name = Common;
			sourceTree = "<group>";
		};
		FFCFE0F21FEBCFF500022493 /* Error Cell */ = {
			isa = PBXGroup;
			children = (
				FFCFE0EC1FEBCBA900022493 /* StandardErrorCell.swift */,
				FFCFE0EE1FEBCBF600022493 /* StandardErrorCell.xib */,
				FFCFE0F01FEBCCBA00022493 /* StandardErrorCellViewModel.swift */,
			);
			name = "Error Cell";
			sourceTree = "<group>";
		};
		FFCFE0F31FEBD00900022493 /* Data Loading Cell */ = {
			isa = PBXGroup;
			children = (
				FFCFE0F41FEBD07E00022493 /* DataLoadingCell.swift */,
				FFCFE0F51FEBD07F00022493 /* DataLoadingCellViewModel.swift */,
				FFD6875C1FEBEBF300E0A464 /* DataLoadingCell.xib */,
			);
			name = "Data Loading Cell";
			sourceTree = "<group>";
		};
		FFD687461FEBD4E800E0A464 /* Views */ = {
			isa = PBXGroup;
			children = (
				FFD687471FEBD51D00E0A464 /* AccountCell.swift */,
				FFD687491FEBD56A00E0A464 /* AccountCell.xib */,
				FFD6874B1FEBD5D100E0A464 /* AccountCellViewModel.swift */,
				FFD687561FEBE34F00E0A464 /* AccountTypeHeaderView.swift */,
				FFD6875A1FEBE46000E0A464 /* AccountTypeHeaderView.xib */,
				FFD687581FEBE3B000E0A464 /* AccountTypeHeaderViewModel.swift */,
			);
			name = Views;
			sourceTree = "<group>";
		};
		FFD6874F1FEBE18500E0A464 /* No Results Cell */ = {
			isa = PBXGroup;
			children = (
				FFD687501FEBE1AB00E0A464 /* NoResultsCell.swift */,
				FFD687541FEBE23300E0A464 /* NoResultsCell.xib */,
				FFD687521FEBE1EC00E0A464 /* NoResultsCellViewModel.swift */,
			);
			name = "No Results Cell";
			sourceTree = "<group>";
		};
		FFD687621FEC7E4400E0A464 /* DataService */ = {
			isa = PBXGroup;
			children = (
				FFD687631FEC7E6500E0A464 /* DataServiceProtocol.swift */,
				FFD6875E1FEBF4FB00E0A464 /* FileDataService.swift */,
				FFD687651FEC809700E0A464 /* JSONConverter.swift */,
			);
			name = DataService;
			sourceTree = "<group>";
		};
		FFDF1EAE1FED0A70004861F1 /* Auxiliary */ = {
			isa = PBXGroup;
			children = (
				FF57CD401FEB86DD008B5D04 /* Info.plist */,
				FFDF1EAF1FED0A80004861F1 /* TestingAppDelegate.swift */,
				FFDF1EB11FED0A99004861F1 /* Testing.storyboard */,
			);
			name = Auxiliary;
			sourceTree = "<group>";
		};
		FFDF1EB31FED0B74004861F1 /* AccountListViewModel Tests */ = {
			isa = PBXGroup;
			children = (
				FFDF1EB41FED0B97004861F1 /* AccountListViewModelTests.swift */,
			);
			name = "AccountListViewModel Tests";
			sourceTree = "<group>";
		};
		FFDF1EC71FED0D4C004861F1 /* Common */ = {
			isa = PBXGroup;
			children = (
				FFDF1EC81FED0D64004861F1 /* DelegateMockBase.swift */,
			);
			name = Common;
			sourceTree = "<group>";
		};
/* End PBXGroup section */

/* Begin PBXNativeTarget section */
		FF57CD251FEB86DD008B5D04 /* Accounts */ = {
			isa = PBXNativeTarget;
			buildConfigurationList = FF57CD6B1FEB86DD008B5D04 /* Build configuration list for PBXNativeTarget "Accounts" */;
			buildPhases = (
				8A6D1E1BF3D96E3280B6342C /* [CP] Check Pods Manifest.lock */,
				FF57CD221FEB86DD008B5D04 /* Sources */,
				FF57CD231FEB86DD008B5D04 /* Frameworks */,
				FF57CD241FEB86DD008B5D04 /* Resources */,
				FF57CD6A1FEB86DD008B5D04 /* Embed Watch Content */,
				799E0E9F7CB5D09C06AF04F5 /* [CP] Embed Pods Frameworks */,
				3F440AC1DB82B9B1F0517790 /* [CP] Copy Pods Resources */,
			);
			buildRules = (
			);
			dependencies = (
				FF57CD461FEB86DD008B5D04 /* PBXTargetDependency */,
			);
			name = Accounts;
			productName = Accounts;
			productReference = FF57CD261FEB86DD008B5D04 /* Accounts.app */;
			productType = "com.apple.product-type.application";
		};
		FF57CD391FEB86DD008B5D04 /* AccountsTests */ = {
			isa = PBXNativeTarget;
			buildConfigurationList = FF57CD6E1FEB86DD008B5D04 /* Build configuration list for PBXNativeTarget "AccountsTests" */;
			buildPhases = (
				A8B7746EC9E068CA83DFF091 /* [CP] Check Pods Manifest.lock */,
				FF57CD361FEB86DD008B5D04 /* Sources */,
				FF57CD371FEB86DD008B5D04 /* Frameworks */,
				FF57CD381FEB86DD008B5D04 /* Resources */,
				746D8FB3EC71784E538A1A0D /* [CP] Embed Pods Frameworks */,
				8D2B2707C3608760C491F693 /* [CP] Copy Pods Resources */,
			);
			buildRules = (
			);
			dependencies = (
				FF57CD3C1FEB86DD008B5D04 /* PBXTargetDependency */,
			);
			name = AccountsTests;
			productName = AccountsTests;
			productReference = FF57CD3A1FEB86DD008B5D04 /* AccountsTests.xctest */;
			productType = "com.apple.product-type.bundle.unit-test";
		};
		FF57CD421FEB86DD008B5D04 /* Accounts WatchKit App */ = {
			isa = PBXNativeTarget;
			buildConfigurationList = FF57CD671FEB86DD008B5D04 /* Build configuration list for PBXNativeTarget "Accounts WatchKit App" */;
			buildPhases = (
				FF57CD411FEB86DD008B5D04 /* Resources */,
				FF57CD661FEB86DD008B5D04 /* Embed App Extensions */,
				6F85B1AAA68D6C4140D3F69E /* Frameworks */,
			);
			buildRules = (
			);
			dependencies = (
				FF57CD551FEB86DD008B5D04 /* PBXTargetDependency */,
			);
			name = "Accounts WatchKit App";
			productName = "Accounts WatchKit App";
			productReference = FF57CD431FEB86DD008B5D04 /* Accounts WatchKit App.app */;
			productType = "com.apple.product-type.application.watchapp2";
		};
		FF57CD511FEB86DD008B5D04 /* Accounts WatchKit Extension */ = {
			isa = PBXNativeTarget;
			buildConfigurationList = FF57CD631FEB86DD008B5D04 /* Build configuration list for PBXNativeTarget "Accounts WatchKit Extension" */;
			buildPhases = (
				FF57CD4E1FEB86DD008B5D04 /* Sources */,
				FF57CD4F1FEB86DD008B5D04 /* Frameworks */,
				FF57CD501FEB86DD008B5D04 /* Resources */,
			);
			buildRules = (
			);
			dependencies = (
			);
			name = "Accounts WatchKit Extension";
			productName = "Accounts WatchKit Extension";
			productReference = FF57CD521FEB86DD008B5D04 /* Accounts WatchKit Extension.appex */;
			productType = "com.apple.product-type.watchkit2-extension";
		};
/* End PBXNativeTarget section */

/* Begin PBXProject section */
		FF57CD1E1FEB86DD008B5D04 /* Project object */ = {
			isa = PBXProject;
			attributes = {
				LastSwiftUpdateCheck = 0900;
				LastUpgradeCheck = 0900;
				ORGANIZATIONNAME = "Sorin Lumezeanu";
				TargetAttributes = {
					FF57CD251FEB86DD008B5D04 = {
						CreatedOnToolsVersion = 9.0;
						ProvisioningStyle = Automatic;
					};
					FF57CD391FEB86DD008B5D04 = {
						CreatedOnToolsVersion = 9.0;
						ProvisioningStyle = Automatic;
						TestTargetID = FF57CD251FEB86DD008B5D04;
					};
					FF57CD421FEB86DD008B5D04 = {
						CreatedOnToolsVersion = 9.0;
						ProvisioningStyle = Automatic;
					};
					FF57CD511FEB86DD008B5D04 = {
						CreatedOnToolsVersion = 9.0;
						ProvisioningStyle = Automatic;
					};
				};
			};
			buildConfigurationList = FF57CD211FEB86DD008B5D04 /* Build configuration list for PBXProject "Accounts" */;
			compatibilityVersion = "Xcode 8.0";
			developmentRegion = en;
			hasScannedForEncodings = 0;
			knownRegions = (
				en,
				Base,
			);
			mainGroup = FF57CD1D1FEB86DD008B5D04;
			productRefGroup = FF57CD271FEB86DD008B5D04 /* Products */;
			projectDirPath = "";
			projectRoot = "";
			targets = (
				FF57CD251FEB86DD008B5D04 /* Accounts */,
				FF57CD391FEB86DD008B5D04 /* AccountsTests */,
				FF57CD421FEB86DD008B5D04 /* Accounts WatchKit App */,
				FF57CD511FEB86DD008B5D04 /* Accounts WatchKit Extension */,
			);
		};
/* End PBXProject section */

/* Begin PBXResourcesBuildPhase section */
		FF57CD241FEB86DD008B5D04 /* Resources */ = {
			isa = PBXResourcesBuildPhase;
			buildActionMask = 2147483647;
			files = (
				FF57CD341FEB86DD008B5D04 /* LaunchScreen.storyboard in Resources */,
				FFCFE0EF1FEBCBF600022493 /* StandardErrorCell.xib in Resources */,
				FF57CD311FEB86DD008B5D04 /* Assets.xcassets in Resources */,
				FFD687551FEBE23300E0A464 /* NoResultsCell.xib in Resources */,
				FFD687611FEBF7C500E0A464 /* Datasource.txt in Resources */,
				FFD6875D1FEBEBF300E0A464 /* DataLoadingCell.xib in Resources */,
				FF57CD2F1FEB86DD008B5D04 /* Main.storyboard in Resources */,
				FFD6875B1FEBE46000E0A464 /* AccountTypeHeaderView.xib in Resources */,
				FFD6874A1FEBD56A00E0A464 /* AccountCell.xib in Resources */,
			);
			runOnlyForDeploymentPostprocessing = 0;
		};
		FF57CD381FEB86DD008B5D04 /* Resources */ = {
			isa = PBXResourcesBuildPhase;
			buildActionMask = 2147483647;
			files = (
				FFDF1EB21FED0A99004861F1 /* Testing.storyboard in Resources */,
			);
			runOnlyForDeploymentPostprocessing = 0;
		};
		FF57CD411FEB86DD008B5D04 /* Resources */ = {
			isa = PBXResourcesBuildPhase;
			buildActionMask = 2147483647;
			files = (
				FF57CD4C1FEB86DD008B5D04 /* Assets.xcassets in Resources */,
				FF57CD4A1FEB86DD008B5D04 /* Interface.storyboard in Resources */,
			);
			runOnlyForDeploymentPostprocessing = 0;
		};
		FF57CD501FEB86DD008B5D04 /* Resources */ = {
			isa = PBXResourcesBuildPhase;
			buildActionMask = 2147483647;
			files = (
				FF57CD5E1FEB86DD008B5D04 /* Assets.xcassets in Resources */,
			);
			runOnlyForDeploymentPostprocessing = 0;
		};
/* End PBXResourcesBuildPhase section */

/* Begin PBXShellScriptBuildPhase section */
		3F440AC1DB82B9B1F0517790 /* [CP] Copy Pods Resources */ = {
			isa = PBXShellScriptBuildPhase;
			buildActionMask = 2147483647;
			files = (
			);
			inputPaths = (
			);
			name = "[CP] Copy Pods Resources";
			outputPaths = (
			);
			runOnlyForDeploymentPostprocessing = 0;
			shellPath = /bin/sh;
			shellScript = "\"${SRCROOT}/Pods/Target Support Files/Pods-Accounts/Pods-Accounts-resources.sh\"\n";
			showEnvVarsInLog = 0;
		};
		746D8FB3EC71784E538A1A0D /* [CP] Embed Pods Frameworks */ = {
			isa = PBXShellScriptBuildPhase;
			buildActionMask = 2147483647;
			files = (
			);
			inputPaths = (
			);
			name = "[CP] Embed Pods Frameworks";
			outputPaths = (
			);
			runOnlyForDeploymentPostprocessing = 0;
			shellPath = /bin/sh;
			shellScript = "\"${SRCROOT}/Pods/Target Support Files/Pods-AccountsTests/Pods-AccountsTests-frameworks.sh\"\n";
			showEnvVarsInLog = 0;
		};
		799E0E9F7CB5D09C06AF04F5 /* [CP] Embed Pods Frameworks */ = {
			isa = PBXShellScriptBuildPhase;
			buildActionMask = 2147483647;
			files = (
			);
			inputPaths = (
			);
			name = "[CP] Embed Pods Frameworks";
			outputPaths = (
			);
			runOnlyForDeploymentPostprocessing = 0;
			shellPath = /bin/sh;
			shellScript = "\"${SRCROOT}/Pods/Target Support Files/Pods-Accounts/Pods-Accounts-frameworks.sh\"\n";
			showEnvVarsInLog = 0;
		};
		8A6D1E1BF3D96E3280B6342C /* [CP] Check Pods Manifest.lock */ = {
			isa = PBXShellScriptBuildPhase;
			buildActionMask = 2147483647;
			files = (
			);
			inputPaths = (
			);
			name = "[CP] Check Pods Manifest.lock";
			outputPaths = (
			);
			runOnlyForDeploymentPostprocessing = 0;
			shellPath = /bin/sh;
			shellScript = "diff \"${PODS_ROOT}/../Podfile.lock\" \"${PODS_ROOT}/Manifest.lock\" > /dev/null\nif [ $? != 0 ] ; then\n    # print error to STDERR\n    echo \"error: The sandbox is not in sync with the Podfile.lock. Run 'pod install' or update your CocoaPods installation.\" >&2\n    exit 1\nfi\n";
			showEnvVarsInLog = 0;
		};
		8D2B2707C3608760C491F693 /* [CP] Copy Pods Resources */ = {
			isa = PBXShellScriptBuildPhase;
			buildActionMask = 2147483647;
			files = (
			);
			inputPaths = (
			);
			name = "[CP] Copy Pods Resources";
			outputPaths = (
			);
			runOnlyForDeploymentPostprocessing = 0;
			shellPath = /bin/sh;
			shellScript = "\"${SRCROOT}/Pods/Target Support Files/Pods-AccountsTests/Pods-AccountsTests-resources.sh\"\n";
			showEnvVarsInLog = 0;
		};
		A8B7746EC9E068CA83DFF091 /* [CP] Check Pods Manifest.lock */ = {
			isa = PBXShellScriptBuildPhase;
			buildActionMask = 2147483647;
			files = (
			);
			inputPaths = (
			);
			name = "[CP] Check Pods Manifest.lock";
			outputPaths = (
			);
			runOnlyForDeploymentPostprocessing = 0;
			shellPath = /bin/sh;
			shellScript = "diff \"${PODS_ROOT}/../Podfile.lock\" \"${PODS_ROOT}/Manifest.lock\" > /dev/null\nif [ $? != 0 ] ; then\n    # print error to STDERR\n    echo \"error: The sandbox is not in sync with the Podfile.lock. Run 'pod install' or update your CocoaPods installation.\" >&2\n    exit 1\nfi\n";
			showEnvVarsInLog = 0;
		};
/* End PBXShellScriptBuildPhase section */

/* Begin PBXSourcesBuildPhase section */
		FF57CD221FEB86DD008B5D04 /* Sources */ = {
			isa = PBXSourcesBuildPhase;
			buildActionMask = 2147483647;
			files = (
				FFD687661FEC809700E0A464 /* JSONConverter.swift in Sources */,
				FF7E3B731FEB8EA800081E5B /* Currency.swift in Sources */,
				FFCFE0DF1FEB9BAF00022493 /* Service.swift in Sources */,
				FFCFE0E61FEBA58000022493 /* AccountListViewController.swift in Sources */,
				FFD687451FEBD40E00E0A464 /* DataLoadingCellViewModel.swift in Sources */,
				FF7E3B751FEB8ECC00081E5B /* Account.swift in Sources */,
				FFD687571FEBE34F00E0A464 /* AccountTypeHeaderView.swift in Sources */,
				FFD687511FEBE1AB00E0A464 /* NoResultsCell.swift in Sources */,
				FFCFE0DD1FEB9AFF00022493 /* AccountService.swift in Sources */,
				FFD6874C1FEBD5D100E0A464 /* AccountCellViewModel.swift in Sources */,
				FFCFE0EA1FEBA72300022493 /* AccountFetchingOptions.swift in Sources */,
				FF57CD2A1FEB86DD008B5D04 /* AppDelegate.swift in Sources */,
				FFDF1EAD1FED0A2C004861F1 /* main.swift in Sources */,
				FFCFE0E11FEB9BC900022493 /* ServiceProvider.swift in Sources */,
				FFC5C6B81FECECCA007C50BF /* FetchAccountsResponse.swift in Sources */,
				FF7E3B771FEB8F3300081E5B /* AccountType.swift in Sources */,
				FF7E3B791FEB906700081E5B /* ProductType.swift in Sources */,
				FFCFE0DB1FEB9AEE00022493 /* AccountServiceProtocol.swift in Sources */,
				FFD687591FEBE3B000E0A464 /* AccountTypeHeaderViewModel.swift in Sources */,
				FFCFE0F11FEBCCBA00022493 /* StandardErrorCellViewModel.swift in Sources */,
				FFD6874E1FEBDFAB00E0A464 /* ApplicationError.swift in Sources */,
				FFD687641FEC7E6500E0A464 /* DataServiceProtocol.swift in Sources */,
				FFD687481FEBD51D00E0A464 /* AccountCell.swift in Sources */,
				FFD687531FEBE1EC00E0A464 /* NoResultsCellViewModel.swift in Sources */,
				FFCFE0E81FEBA58B00022493 /* AccountListViewModel.swift in Sources */,
				FFCFE0ED1FEBCBA900022493 /* StandardErrorCell.swift in Sources */,
				FFD6875F1FEBF4FB00E0A464 /* FileDataService.swift in Sources */,
				FFC5C6B61FECE043007C50BF /* HTTPStatusCode.swift in Sources */,
				FFD687441FEBD40A00E0A464 /* DataLoadingCell.swift in Sources */,
				FF7E3B7B1FEB90FD00081E5B /* Product.swift in Sources */,
			);
			runOnlyForDeploymentPostprocessing = 0;
		};
		FF57CD361FEB86DD008B5D04 /* Sources */ = {
			isa = PBXSourcesBuildPhase;
			buildActionMask = 2147483647;
			files = (
				FFDF1EBE1FED0C11004861F1 /* Currency.swift in Sources */,
				FFDF1EC91FED0D64004861F1 /* DelegateMockBase.swift in Sources */,
				FFDF1EC01FED0C18004861F1 /* ProductType.swift in Sources */,
				FFDF1EC11FED0C1B004861F1 /* Product.swift in Sources */,
				FFDF1EBD1FED0C0F004861F1 /* ApplicationError.swift in Sources */,
				FFDF1EC61FED0C5B004861F1 /* JSONConverter.swift in Sources */,
				FFDF1EBF1FED0C14004861F1 /* FetchAccountsResponse.swift in Sources */,
				FFDF1EBC1FED0C0C004861F1 /* HTTPStatusCode.swift in Sources */,
				FFDF1EBB1FED0C02004861F1 /* AccountService.swift in Sources */,
				FFDF1EB71FED0BF4004861F1 /* ServiceProvider.swift in Sources */,
				FFDF1EB61FED0BF1004861F1 /* Service.swift in Sources */,
				FFDF1EB81FED0BF7004861F1 /* DataServiceProtocol.swift in Sources */,
				FFDF1EC51FED0C4F004861F1 /* FileDataService.swift in Sources */,
				FFDF1EC31FED0C21004861F1 /* Account.swift in Sources */,
				FFDF1EC21FED0C1E004861F1 /* AccountType.swift in Sources */,
				FFDF1EB51FED0B97004861F1 /* AccountListViewModelTests.swift in Sources */,
				FFDF1EB01FED0A80004861F1 /* TestingAppDelegate.swift in Sources */,
				FFDF1EB91FED0BFD004861F1 /* AccountFetchingOptions.swift in Sources */,
				FFDF1EC41FED0C2E004861F1 /* AccountListViewModel.swift in Sources */,
				FFDF1EBA1FED0BFF004861F1 /* AccountServiceProtocol.swift in Sources */,
			);
			runOnlyForDeploymentPostprocessing = 0;
		};
		FF57CD4E1FEB86DD008B5D04 /* Sources */ = {
			isa = PBXSourcesBuildPhase;
			buildActionMask = 2147483647;
			files = (
				FF57CD5C1FEB86DD008B5D04 /* NotificationController.swift in Sources */,
				FF57CD5A1FEB86DD008B5D04 /* ExtensionDelegate.swift in Sources */,
				FF57CD581FEB86DD008B5D04 /* InterfaceController.swift in Sources */,
			);
			runOnlyForDeploymentPostprocessing = 0;
		};
/* End PBXSourcesBuildPhase section */

/* Begin PBXTargetDependency section */
		FF57CD3C1FEB86DD008B5D04 /* PBXTargetDependency */ = {
			isa = PBXTargetDependency;
			target = FF57CD251FEB86DD008B5D04 /* Accounts */;
			targetProxy = FF57CD3B1FEB86DD008B5D04 /* PBXContainerItemProxy */;
		};
		FF57CD461FEB86DD008B5D04 /* PBXTargetDependency */ = {
			isa = PBXTargetDependency;
			target = FF57CD421FEB86DD008B5D04 /* Accounts WatchKit App */;
			targetProxy = FF57CD451FEB86DD008B5D04 /* PBXContainerItemProxy */;
		};
		FF57CD551FEB86DD008B5D04 /* PBXTargetDependency */ = {
			isa = PBXTargetDependency;
			target = FF57CD511FEB86DD008B5D04 /* Accounts WatchKit Extension */;
			targetProxy = FF57CD541FEB86DD008B5D04 /* PBXContainerItemProxy */;
		};
/* End PBXTargetDependency section */

/* Begin PBXVariantGroup section */
		FF57CD2D1FEB86DD008B5D04 /* Main.storyboard */ = {
			isa = PBXVariantGroup;
			children = (
				FF57CD2E1FEB86DD008B5D04 /* Base */,
			);
			name = Main.storyboard;
			sourceTree = "<group>";
		};
		FF57CD321FEB86DD008B5D04 /* LaunchScreen.storyboard */ = {
			isa = PBXVariantGroup;
			children = (
				FF57CD331FEB86DD008B5D04 /* Base */,
			);
			name = LaunchScreen.storyboard;
			sourceTree = "<group>";
		};
		FF57CD481FEB86DD008B5D04 /* Interface.storyboard */ = {
			isa = PBXVariantGroup;
			children = (
				FF57CD491FEB86DD008B5D04 /* Base */,
			);
			name = Interface.storyboard;
			sourceTree = "<group>";
		};
/* End PBXVariantGroup section */

/* Begin XCBuildConfiguration section */
		FF57CD611FEB86DD008B5D04 /* Debug */ = {
			isa = XCBuildConfiguration;
			buildSettings = {
				ALWAYS_SEARCH_USER_PATHS = NO;
				CLANG_ANALYZER_NONNULL = YES;
				CLANG_ANALYZER_NUMBER_OBJECT_CONVERSION = YES_AGGRESSIVE;
				CLANG_CXX_LANGUAGE_STANDARD = "gnu++14";
				CLANG_CXX_LIBRARY = "libc++";
				CLANG_ENABLE_MODULES = YES;
				CLANG_ENABLE_OBJC_ARC = YES;
				CLANG_WARN_BLOCK_CAPTURE_AUTORELEASING = YES;
				CLANG_WARN_BOOL_CONVERSION = YES;
				CLANG_WARN_COMMA = YES;
				CLANG_WARN_CONSTANT_CONVERSION = YES;
				CLANG_WARN_DIRECT_OBJC_ISA_USAGE = YES_ERROR;
				CLANG_WARN_DOCUMENTATION_COMMENTS = YES;
				CLANG_WARN_EMPTY_BODY = YES;
				CLANG_WARN_ENUM_CONVERSION = YES;
				CLANG_WARN_INFINITE_RECURSION = YES;
				CLANG_WARN_INT_CONVERSION = YES;
				CLANG_WARN_NON_LITERAL_NULL_CONVERSION = YES;
				CLANG_WARN_OBJC_LITERAL_CONVERSION = YES;
				CLANG_WARN_OBJC_ROOT_CLASS = YES_ERROR;
				CLANG_WARN_RANGE_LOOP_ANALYSIS = YES;
				CLANG_WARN_STRICT_PROTOTYPES = YES;
				CLANG_WARN_SUSPICIOUS_MOVE = YES;
				CLANG_WARN_UNGUARDED_AVAILABILITY = YES_AGGRESSIVE;
				CLANG_WARN_UNREACHABLE_CODE = YES;
				CLANG_WARN__DUPLICATE_METHOD_MATCH = YES;
				CODE_SIGN_IDENTITY = "iPhone Developer";
				COPY_PHASE_STRIP = NO;
				DEBUG_INFORMATION_FORMAT = dwarf;
				ENABLE_STRICT_OBJC_MSGSEND = YES;
				ENABLE_TESTABILITY = YES;
				GCC_C_LANGUAGE_STANDARD = gnu11;
				GCC_DYNAMIC_NO_PIC = NO;
				GCC_NO_COMMON_BLOCKS = YES;
				GCC_OPTIMIZATION_LEVEL = 0;
				GCC_PREPROCESSOR_DEFINITIONS = (
					"DEBUG=1",
					"$(inherited)",
				);
				GCC_WARN_64_TO_32_BIT_CONVERSION = YES;
				GCC_WARN_ABOUT_RETURN_TYPE = YES_ERROR;
				GCC_WARN_UNDECLARED_SELECTOR = YES;
				GCC_WARN_UNINITIALIZED_AUTOS = YES_AGGRESSIVE;
				GCC_WARN_UNUSED_FUNCTION = YES;
				GCC_WARN_UNUSED_VARIABLE = YES;
				IPHONEOS_DEPLOYMENT_TARGET = 11.0;
				MTL_ENABLE_DEBUG_INFO = YES;
				ONLY_ACTIVE_ARCH = YES;
				SDKROOT = iphoneos;
				SWIFT_ACTIVE_COMPILATION_CONDITIONS = DEBUG;
				SWIFT_OPTIMIZATION_LEVEL = "-Onone";
				SWIFT_VERSION = 3.0;
			};
			name = Debug;
		};
		FF57CD621FEB86DD008B5D04 /* Release */ = {
			isa = XCBuildConfiguration;
			buildSettings = {
				ALWAYS_SEARCH_USER_PATHS = NO;
				CLANG_ANALYZER_NONNULL = YES;
				CLANG_ANALYZER_NUMBER_OBJECT_CONVERSION = YES_AGGRESSIVE;
				CLANG_CXX_LANGUAGE_STANDARD = "gnu++14";
				CLANG_CXX_LIBRARY = "libc++";
				CLANG_ENABLE_MODULES = YES;
				CLANG_ENABLE_OBJC_ARC = YES;
				CLANG_WARN_BLOCK_CAPTURE_AUTORELEASING = YES;
				CLANG_WARN_BOOL_CONVERSION = YES;
				CLANG_WARN_COMMA = YES;
				CLANG_WARN_CONSTANT_CONVERSION = YES;
				CLANG_WARN_DIRECT_OBJC_ISA_USAGE = YES_ERROR;
				CLANG_WARN_DOCUMENTATION_COMMENTS = YES;
				CLANG_WARN_EMPTY_BODY = YES;
				CLANG_WARN_ENUM_CONVERSION = YES;
				CLANG_WARN_INFINITE_RECURSION = YES;
				CLANG_WARN_INT_CONVERSION = YES;
				CLANG_WARN_NON_LITERAL_NULL_CONVERSION = YES;
				CLANG_WARN_OBJC_LITERAL_CONVERSION = YES;
				CLANG_WARN_OBJC_ROOT_CLASS = YES_ERROR;
				CLANG_WARN_RANGE_LOOP_ANALYSIS = YES;
				CLANG_WARN_STRICT_PROTOTYPES = YES;
				CLANG_WARN_SUSPICIOUS_MOVE = YES;
				CLANG_WARN_UNGUARDED_AVAILABILITY = YES_AGGRESSIVE;
				CLANG_WARN_UNREACHABLE_CODE = YES;
				CLANG_WARN__DUPLICATE_METHOD_MATCH = YES;
				CODE_SIGN_IDENTITY = "iPhone Developer";
				COPY_PHASE_STRIP = NO;
				DEBUG_INFORMATION_FORMAT = "dwarf-with-dsym";
				ENABLE_NS_ASSERTIONS = NO;
				ENABLE_STRICT_OBJC_MSGSEND = YES;
				GCC_C_LANGUAGE_STANDARD = gnu11;
				GCC_NO_COMMON_BLOCKS = YES;
				GCC_WARN_64_TO_32_BIT_CONVERSION = YES;
				GCC_WARN_ABOUT_RETURN_TYPE = YES_ERROR;
				GCC_WARN_UNDECLARED_SELECTOR = YES;
				GCC_WARN_UNINITIALIZED_AUTOS = YES_AGGRESSIVE;
				GCC_WARN_UNUSED_FUNCTION = YES;
				GCC_WARN_UNUSED_VARIABLE = YES;
				IPHONEOS_DEPLOYMENT_TARGET = 11.0;
				MTL_ENABLE_DEBUG_INFO = NO;
				SDKROOT = iphoneos;
				SWIFT_OPTIMIZATION_LEVEL = "-Owholemodule";
				SWIFT_VERSION = 3.0;
				VALIDATE_PRODUCT = YES;
			};
			name = Release;
		};
		FF57CD641FEB86DD008B5D04 /* Debug */ = {
			isa = XCBuildConfiguration;
			buildSettings = {
				ASSETCATALOG_COMPILER_COMPLICATION_NAME = Complication;
				CODE_SIGN_STYLE = Automatic;
				DEVELOPMENT_TEAM = FJ44ATDR3A;
				INFOPLIST_FILE = "Accounts WatchKit Extension/Info.plist";
				LD_RUNPATH_SEARCH_PATHS = "$(inherited) @executable_path/Frameworks @executable_path/../../Frameworks";
				PRODUCT_BUNDLE_IDENTIFIER = com.lumezeanu.sorin.Accounts.watchkitapp.watchkitextension;
				PRODUCT_NAME = "${TARGET_NAME}";
				SDKROOT = watchos;
				SKIP_INSTALL = YES;
				SWIFT_VERSION = 3.0;
				TARGETED_DEVICE_FAMILY = 4;
				WATCHOS_DEPLOYMENT_TARGET = 4.0;
			};
			name = Debug;
		};
		FF57CD651FEB86DD008B5D04 /* Release */ = {
			isa = XCBuildConfiguration;
			buildSettings = {
				ASSETCATALOG_COMPILER_COMPLICATION_NAME = Complication;
				CODE_SIGN_STYLE = Automatic;
				DEVELOPMENT_TEAM = FJ44ATDR3A;
				INFOPLIST_FILE = "Accounts WatchKit Extension/Info.plist";
				LD_RUNPATH_SEARCH_PATHS = "$(inherited) @executable_path/Frameworks @executable_path/../../Frameworks";
				PRODUCT_BUNDLE_IDENTIFIER = com.lumezeanu.sorin.Accounts.watchkitapp.watchkitextension;
				PRODUCT_NAME = "${TARGET_NAME}";
				SDKROOT = watchos;
				SKIP_INSTALL = YES;
				SWIFT_VERSION = 3.0;
				TARGETED_DEVICE_FAMILY = 4;
				WATCHOS_DEPLOYMENT_TARGET = 4.0;
			};
			name = Release;
		};
		FF57CD681FEB86DD008B5D04 /* Debug */ = {
			isa = XCBuildConfiguration;
			buildSettings = {
				ALWAYS_EMBED_SWIFT_STANDARD_LIBRARIES = YES;
				ASSETCATALOG_COMPILER_APPICON_NAME = AppIcon;
				CODE_SIGN_STYLE = Automatic;
				DEVELOPMENT_TEAM = FJ44ATDR3A;
				IBSC_MODULE = Accounts_WatchKit_Extension;
				INFOPLIST_FILE = "Accounts WatchKit App/Info.plist";
				PRODUCT_BUNDLE_IDENTIFIER = com.lumezeanu.sorin.Accounts.watchkitapp;
				PRODUCT_NAME = "$(TARGET_NAME)";
				SDKROOT = watchos;
				SKIP_INSTALL = YES;
				SWIFT_VERSION = 4.0;
				TARGETED_DEVICE_FAMILY = 4;
				WATCHOS_DEPLOYMENT_TARGET = 4.0;
			};
			name = Debug;
		};
		FF57CD691FEB86DD008B5D04 /* Release */ = {
			isa = XCBuildConfiguration;
			buildSettings = {
				ALWAYS_EMBED_SWIFT_STANDARD_LIBRARIES = YES;
				ASSETCATALOG_COMPILER_APPICON_NAME = AppIcon;
				CODE_SIGN_STYLE = Automatic;
				DEVELOPMENT_TEAM = FJ44ATDR3A;
				IBSC_MODULE = Accounts_WatchKit_Extension;
				INFOPLIST_FILE = "Accounts WatchKit App/Info.plist";
				PRODUCT_BUNDLE_IDENTIFIER = com.lumezeanu.sorin.Accounts.watchkitapp;
				PRODUCT_NAME = "$(TARGET_NAME)";
				SDKROOT = watchos;
				SKIP_INSTALL = YES;
				SWIFT_VERSION = 4.0;
				TARGETED_DEVICE_FAMILY = 4;
				WATCHOS_DEPLOYMENT_TARGET = 4.0;
			};
			name = Release;
		};
		FF57CD6C1FEB86DD008B5D04 /* Debug */ = {
			isa = XCBuildConfiguration;
			baseConfigurationReference = 101C11A9563C146F1B1F3462 /* Pods-Accounts.debug.xcconfig */;
			buildSettings = {
				ASSETCATALOG_COMPILER_APPICON_NAME = AppIcon;
				CODE_SIGN_STYLE = Automatic;
				DEVELOPMENT_TEAM = FJ44ATDR3A;
				INFOPLIST_FILE = Accounts/Info.plist;
				LD_RUNPATH_SEARCH_PATHS = "$(inherited) @executable_path/Frameworks";
				PRODUCT_BUNDLE_IDENTIFIER = com.lumezeanu.sorin.Accounts;
				PRODUCT_NAME = "$(TARGET_NAME)";
				SWIFT_VERSION = 3.0;
				TARGETED_DEVICE_FAMILY = "1,2";
			};
			name = Debug;
		};
		FF57CD6D1FEB86DD008B5D04 /* Release */ = {
			isa = XCBuildConfiguration;
			baseConfigurationReference = D84FB3A8BDA082E885985724 /* Pods-Accounts.release.xcconfig */;
			buildSettings = {
				ASSETCATALOG_COMPILER_APPICON_NAME = AppIcon;
				CODE_SIGN_STYLE = Automatic;
				DEVELOPMENT_TEAM = FJ44ATDR3A;
				INFOPLIST_FILE = Accounts/Info.plist;
				LD_RUNPATH_SEARCH_PATHS = "$(inherited) @executable_path/Frameworks";
				PRODUCT_BUNDLE_IDENTIFIER = com.lumezeanu.sorin.Accounts;
				PRODUCT_NAME = "$(TARGET_NAME)";
				SWIFT_VERSION = 3.0;
				TARGETED_DEVICE_FAMILY = "1,2";
			};
			name = Release;
		};
		FF57CD6F1FEB86DD008B5D04 /* Debug */ = {
			isa = XCBuildConfiguration;
			baseConfigurationReference = AEC2580E35A9B3B38F9E1C4B /* Pods-AccountsTests.debug.xcconfig */;
			buildSettings = {
				ALWAYS_EMBED_SWIFT_STANDARD_LIBRARIES = YES;
				BUNDLE_LOADER = "$(TEST_HOST)";
				CODE_SIGN_STYLE = Automatic;
				DEVELOPMENT_TEAM = FJ44ATDR3A;
				INFOPLIST_FILE = AccountsTests/Info.plist;
				LD_RUNPATH_SEARCH_PATHS = "$(inherited) @executable_path/Frameworks @loader_path/Frameworks";
				PRODUCT_BUNDLE_IDENTIFIER = com.lumezeanu.sorin.AccountsTests;
				PRODUCT_NAME = "$(TARGET_NAME)";
				SWIFT_VERSION = 3.0;
				TARGETED_DEVICE_FAMILY = "1,2";
				TEST_HOST = "$(BUILT_PRODUCTS_DIR)/Accounts.app/Accounts";
			};
			name = Debug;
		};
		FF57CD701FEB86DD008B5D04 /* Release */ = {
			isa = XCBuildConfiguration;
			baseConfigurationReference = E8D188F1C062661E1CE85C49 /* Pods-AccountsTests.release.xcconfig */;
			buildSettings = {
				ALWAYS_EMBED_SWIFT_STANDARD_LIBRARIES = YES;
				BUNDLE_LOADER = "$(TEST_HOST)";
				CODE_SIGN_STYLE = Automatic;
				DEVELOPMENT_TEAM = FJ44ATDR3A;
				INFOPLIST_FILE = AccountsTests/Info.plist;
				LD_RUNPATH_SEARCH_PATHS = "$(inherited) @executable_path/Frameworks @loader_path/Frameworks";
				PRODUCT_BUNDLE_IDENTIFIER = com.lumezeanu.sorin.AccountsTests;
				PRODUCT_NAME = "$(TARGET_NAME)";
				SWIFT_VERSION = 3.0;
				TARGETED_DEVICE_FAMILY = "1,2";
				TEST_HOST = "$(BUILT_PRODUCTS_DIR)/Accounts.app/Accounts";
			};
			name = Release;
		};
/* End XCBuildConfiguration section */

/* Begin XCConfigurationList section */
		FF57CD211FEB86DD008B5D04 /* Build configuration list for PBXProject "Accounts" */ = {
			isa = XCConfigurationList;
			buildConfigurations = (
				FF57CD611FEB86DD008B5D04 /* Debug */,
				FF57CD621FEB86DD008B5D04 /* Release */,
			);
			defaultConfigurationIsVisible = 0;
			defaultConfigurationName = Release;
		};
		FF57CD631FEB86DD008B5D04 /* Build configuration list for PBXNativeTarget "Accounts WatchKit Extension" */ = {
			isa = XCConfigurationList;
			buildConfigurations = (
				FF57CD641FEB86DD008B5D04 /* Debug */,
				FF57CD651FEB86DD008B5D04 /* Release */,
			);
			defaultConfigurationIsVisible = 0;
			defaultConfigurationName = Release;
		};
		FF57CD671FEB86DD008B5D04 /* Build configuration list for PBXNativeTarget "Accounts WatchKit App" */ = {
			isa = XCConfigurationList;
			buildConfigurations = (
				FF57CD681FEB86DD008B5D04 /* Debug */,
				FF57CD691FEB86DD008B5D04 /* Release */,
			);
			defaultConfigurationIsVisible = 0;
			defaultConfigurationName = Release;
		};
		FF57CD6B1FEB86DD008B5D04 /* Build configuration list for PBXNativeTarget "Accounts" */ = {
			isa = XCConfigurationList;
			buildConfigurations = (
				FF57CD6C1FEB86DD008B5D04 /* Debug */,
				FF57CD6D1FEB86DD008B5D04 /* Release */,
			);
			defaultConfigurationIsVisible = 0;
			defaultConfigurationName = Release;
		};
		FF57CD6E1FEB86DD008B5D04 /* Build configuration list for PBXNativeTarget "AccountsTests" */ = {
			isa = XCConfigurationList;
			buildConfigurations = (
				FF57CD6F1FEB86DD008B5D04 /* Debug */,
				FF57CD701FEB86DD008B5D04 /* Release */,
			);
			defaultConfigurationIsVisible = 0;
			defaultConfigurationName = Release;
		};
/* End XCConfigurationList section */
	};
	rootObject = FF57CD1E1FEB86DD008B5D04 /* Project object */;
}
